// !$*UTF8*$!
{
	archiveVersion = 1;
	classes = {
	};
	objectVersion = 46;
	objects = {

/* Begin PBXBuildFile section */
		00E356F31AD99517003FC87E /* CAFAMTests.m in Sources */ = {isa = PBXBuildFile; fileRef = 00E356F21AD99517003FC87E /* CAFAMTests.m */; };
		13B07FBC1A68108700A75B9A /* AppDelegate.m in Sources */ = {isa = PBXBuildFile; fileRef = 13B07FB01A68108700A75B9A /* AppDelegate.m */; };
		13B07FBD1A68108700A75B9A /* LaunchScreen.xib in Resources */ = {isa = PBXBuildFile; fileRef = 13B07FB11A68108700A75B9A /* LaunchScreen.xib */; };
		13B07FBF1A68108700A75B9A /* Images.xcassets in Resources */ = {isa = PBXBuildFile; fileRef = 13B07FB51A68108700A75B9A /* Images.xcassets */; };
		13B07FC11A68108700A75B9A /* main.m in Sources */ = {isa = PBXBuildFile; fileRef = 13B07FB71A68108700A75B9A /* main.m */; };
		2D02E4BC1E0B4A80006451C7 /* AppDelegate.m in Sources */ = {isa = PBXBuildFile; fileRef = 13B07FB01A68108700A75B9A /* AppDelegate.m */; };
		2D02E4BD1E0B4A84006451C7 /* Images.xcassets in Resources */ = {isa = PBXBuildFile; fileRef = 13B07FB51A68108700A75B9A /* Images.xcassets */; };
		2D02E4BF1E0B4AB3006451C7 /* main.m in Sources */ = {isa = PBXBuildFile; fileRef = 13B07FB71A68108700A75B9A /* main.m */; };
		2DCD954D1E0B4F2C00145EB5 /* CAFAMTests.m in Sources */ = {isa = PBXBuildFile; fileRef = 00E356F21AD99517003FC87E /* CAFAMTests.m */; };
		57C6838DD0693F3415BACA69 /* libPods-CAFAM.a in Frameworks */ = {isa = PBXBuildFile; fileRef = B1D6E30B6A007D4BB3486908 /* libPods-CAFAM.a */; };
		CB00D76E2C8D5FDCEA00EB81 /* libPods-CAFAM-tvOSTests.a in Frameworks */ = {isa = PBXBuildFile; fileRef = 036556C72736057C677A2913 /* libPods-CAFAM-tvOSTests.a */; };
		D528E4F624D8BC150006587B /* Lato-Regular.ttf in Resources */ = {isa = PBXBuildFile; fileRef = F30D9D291FD4443590DAAB2F /* Lato-Regular.ttf */; };
		D528E4F724D8BC740006587B /* Lato-Italic.ttf in Resources */ = {isa = PBXBuildFile; fileRef = EC5F7E2D675B45798C7D50CE /* Lato-Italic.ttf */; };
		D528E4F924D8BC8D0006587B /* Merriweather-Black.ttf in Resources */ = {isa = PBXBuildFile; fileRef = 4370E6E55DFF40459965E5EB /* Merriweather-Black.ttf */; };
		D528E4FA24D8BC8D0006587B /* Merriweather-BlackItalic.ttf in Resources */ = {isa = PBXBuildFile; fileRef = 58425C13C6544BD5AD37B65A /* Merriweather-BlackItalic.ttf */; };
		D528E4FB24D8BC8D0006587B /* Merriweather-Bold.ttf in Resources */ = {isa = PBXBuildFile; fileRef = 4E2E546AEF064448B7F678A2 /* Merriweather-Bold.ttf */; };
		D528E4FC24D8BC8D0006587B /* Merriweather-BoldItalic.ttf in Resources */ = {isa = PBXBuildFile; fileRef = 03B94B9F9FF642DC8853E94D /* Merriweather-BoldItalic.ttf */; };
		D528E4FD24D8BC8D0006587B /* Merriweather-Light.ttf in Resources */ = {isa = PBXBuildFile; fileRef = 939F894C93544323884C75D6 /* Merriweather-Light.ttf */; };
		D528E4FE24D8BC8D0006587B /* Merriweather-LightItalic.ttf in Resources */ = {isa = PBXBuildFile; fileRef = A854F50151464EC39317E208 /* Merriweather-LightItalic.ttf */; };
		D528E4FF24D8BCD20006587B /* Lato-Bold.ttf in Resources */ = {isa = PBXBuildFile; fileRef = 0A825D997BB6422EAB829DDD /* Lato-Bold.ttf */; };
		D5B2ABC524D895B70020BE4C /* GoogleService-Info.plist in Resources */ = {isa = PBXBuildFile; fileRef = D5B2ABC424D895B70020BE4C /* GoogleService-Info.plist */; };
		D5B2ABC624D89B4A0020BE4C /* Feather.ttf in Frameworks */ = {isa = PBXBuildFile; fileRef = E9ED8FCE6E204D5FB3B889AE /* Feather.ttf */; };
		D5B2ABC724D89BB40020BE4C /* AntDesign.ttf in Frameworks */ = {isa = PBXBuildFile; fileRef = 49D5868E0D3043C68BAED300 /* AntDesign.ttf */; };
		D5B2ABC824D89BB60020BE4C /* Entypo.ttf in Frameworks */ = {isa = PBXBuildFile; fileRef = F19C6F8D8B39432F8CD36288 /* Entypo.ttf */; };
		D5B2ABC924D89BB90020BE4C /* EvilIcons.ttf in Frameworks */ = {isa = PBXBuildFile; fileRef = 9BC57B51FDD54C4AB958D627 /* EvilIcons.ttf */; };
		D5B2ABCA24D89BBE0020BE4C /* FontAwesome.ttf in Frameworks */ = {isa = PBXBuildFile; fileRef = 9B7D53759FCB48CB8947E299 /* FontAwesome.ttf */; };
		D5B2ABCB24D89BC00020BE4C /* FontAwesome5_Brands.ttf in Frameworks */ = {isa = PBXBuildFile; fileRef = FC2AFABA86FD45DAB175FCDA /* FontAwesome5_Brands.ttf */; };
		D5B2ABCC24D89BC20020BE4C /* FontAwesome5_Regular.ttf in Frameworks */ = {isa = PBXBuildFile; fileRef = E7E87BD31E004EC590088AE3 /* FontAwesome5_Regular.ttf */; };
		D5B2ABCD24D89BC70020BE4C /* FontAwesome5_Solid.ttf in Frameworks */ = {isa = PBXBuildFile; fileRef = D2152215F2F94442809F2EC4 /* FontAwesome5_Solid.ttf */; };
		D5B2ABCE24D89BCB0020BE4C /* Fontisto.ttf in Frameworks */ = {isa = PBXBuildFile; fileRef = D478DD80320E45BF96A5DFA2 /* Fontisto.ttf */; };
		D5B2ABCF24D89BCD0020BE4C /* Foundation.ttf in Frameworks */ = {isa = PBXBuildFile; fileRef = CB53BACD3ACD4EFD961BB73B /* Foundation.ttf */; };
		D5B2ABD024D89BCF0020BE4C /* Ionicons.ttf in Frameworks */ = {isa = PBXBuildFile; fileRef = E484097700B0424FB0950EC8 /* Ionicons.ttf */; };
		D5B2ABD124D89BD00020BE4C /* MaterialCommunityIcons.ttf in Frameworks */ = {isa = PBXBuildFile; fileRef = 307413A01D144233B87FC3A4 /* MaterialCommunityIcons.ttf */; };
		D5B2ABD224D89BD20020BE4C /* MaterialIcons.ttf in Frameworks */ = {isa = PBXBuildFile; fileRef = 7F6005650E854B64A9F56B8C /* MaterialIcons.ttf */; };
		D5B2ABD324D89BD40020BE4C /* Octicons.ttf in Frameworks */ = {isa = PBXBuildFile; fileRef = A18C2C5E94C540DF91C5FA94 /* Octicons.ttf */; };
		D5B2ABD424D89BEA0020BE4C /* SimpleLineIcons.ttf in Frameworks */ = {isa = PBXBuildFile; fileRef = 5856FE5D8B36412BBF6D8318 /* SimpleLineIcons.ttf */; };
		D5B2ABD524D89BEC0020BE4C /* Zocial.ttf in Frameworks */ = {isa = PBXBuildFile; fileRef = 099E44866B0E4681992CEE32 /* Zocial.ttf */; };
		D5B2ABD624D89BED0020BE4C /* Lato-Bold.ttf in Frameworks */ = {isa = PBXBuildFile; fileRef = 0A825D997BB6422EAB829DDD /* Lato-Bold.ttf */; };
		D5B2ABD724D89BF00020BE4C /* Lato-Italic.ttf in Frameworks */ = {isa = PBXBuildFile; fileRef = EC5F7E2D675B45798C7D50CE /* Lato-Italic.ttf */; };
		D5B2ABD824D89BF20020BE4C /* Lato-Regular.ttf in Frameworks */ = {isa = PBXBuildFile; fileRef = F30D9D291FD4443590DAAB2F /* Lato-Regular.ttf */; };
		D5B2ABD924D89BF50020BE4C /* Merriweather-Black.ttf in Frameworks */ = {isa = PBXBuildFile; fileRef = 4370E6E55DFF40459965E5EB /* Merriweather-Black.ttf */; };
		D5B2ABDA24D89BF70020BE4C /* Merriweather-Bold.ttf in Frameworks */ = {isa = PBXBuildFile; fileRef = 4E2E546AEF064448B7F678A2 /* Merriweather-Bold.ttf */; };
		D5B2ABDB24D89BF80020BE4C /* Merriweather-BoldItalic.ttf in Frameworks */ = {isa = PBXBuildFile; fileRef = 03B94B9F9FF642DC8853E94D /* Merriweather-BoldItalic.ttf */; };
		D5B2ABDC24D89BFA0020BE4C /* Merriweather-Light.ttf in Frameworks */ = {isa = PBXBuildFile; fileRef = 939F894C93544323884C75D6 /* Merriweather-Light.ttf */; };
		D5B2ABDD24D89BFC0020BE4C /* Merriweather-LightItalic.ttf in Frameworks */ = {isa = PBXBuildFile; fileRef = A854F50151464EC39317E208 /* Merriweather-LightItalic.ttf */; };
		D5B2ABDE24D89BFD0020BE4C /* AntDesign.ttf in Frameworks */ = {isa = PBXBuildFile; fileRef = C7BA3DD5F51549D88D310109 /* AntDesign.ttf */; };
		D5B2ABDF24D89BFF0020BE4C /* Entypo.ttf in Frameworks */ = {isa = PBXBuildFile; fileRef = 538E454D409F4BD6BC180C2A /* Entypo.ttf */; };
		D5B2ABE024D89C010020BE4C /* EvilIcons.ttf in Frameworks */ = {isa = PBXBuildFile; fileRef = 51C51FB30B2141AEBA9C2E24 /* EvilIcons.ttf */; };
		D5B2ABE124D89C020020BE4C /* Feather.ttf in Frameworks */ = {isa = PBXBuildFile; fileRef = B6BDDF96496F4B8F97786DEE /* Feather.ttf */; };
		D5B2ABE224D89C040020BE4C /* FontAwesome.ttf in Frameworks */ = {isa = PBXBuildFile; fileRef = 4F578C771AAC4229AC4984E9 /* FontAwesome.ttf */; };
		D5B2ABE324D89C060020BE4C /* FontAwesome5_Brands.ttf in Frameworks */ = {isa = PBXBuildFile; fileRef = 6BA6909774A74683A9297D9D /* FontAwesome5_Brands.ttf */; };
		D5B2ABE424D89C080020BE4C /* FontAwesome5_Regular.ttf in Frameworks */ = {isa = PBXBuildFile; fileRef = CDEE0CD336A649ABA4205C50 /* FontAwesome5_Regular.ttf */; };
		D5B2ABE524D89C0B0020BE4C /* FontAwesome5_Solid.ttf in Frameworks */ = {isa = PBXBuildFile; fileRef = 972E3D4EDDA94939B795DC9B /* FontAwesome5_Solid.ttf */; };
		D5B2ABE624D89C0C0020BE4C /* Fontisto.ttf in Frameworks */ = {isa = PBXBuildFile; fileRef = 2561A5DF86FF44F0826DB094 /* Fontisto.ttf */; };
		D5B2ABE724D89C0D0020BE4C /* Foundation.ttf in Frameworks */ = {isa = PBXBuildFile; fileRef = F50B7E70EE4141D38DE212C7 /* Foundation.ttf */; };
		D5B2ABE824D89C0F0020BE4C /* Ionicons.ttf in Frameworks */ = {isa = PBXBuildFile; fileRef = D86F43CB6AF9481BBBCD9D08 /* Ionicons.ttf */; };
		D5B2ABE924D89C110020BE4C /* MaterialCommunityIcons.ttf in Frameworks */ = {isa = PBXBuildFile; fileRef = 6B485FD711364C68A6B783D9 /* MaterialCommunityIcons.ttf */; };
		D5B2ABEA24D89C130020BE4C /* MaterialIcons.ttf in Frameworks */ = {isa = PBXBuildFile; fileRef = 9FF2171390594201A641A53F /* MaterialIcons.ttf */; };
		D5B2ABEB24D89C140020BE4C /* Octicons.ttf in Frameworks */ = {isa = PBXBuildFile; fileRef = B3156B28D0DE41879677A29E /* Octicons.ttf */; };
		D5B2ABEC24D89C160020BE4C /* Roboto_medium.ttf in Frameworks */ = {isa = PBXBuildFile; fileRef = 421B48CFDEFD4501BF9DE357 /* Roboto_medium.ttf */; };
		D5B2ABED24D89C180020BE4C /* Roboto.ttf in Frameworks */ = {isa = PBXBuildFile; fileRef = 4B35C2A442D640B1A41849D9 /* Roboto.ttf */; };
		D5B2ABEE24D89C190020BE4C /* rubicon-icon-font.ttf in Frameworks */ = {isa = PBXBuildFile; fileRef = 2CD57DDC4C7043AE8CF2EC42 /* rubicon-icon-font.ttf */; };
		D5B2ABEF24D89C1B0020BE4C /* SimpleLineIcons.ttf in Frameworks */ = {isa = PBXBuildFile; fileRef = 3B7C6BD649844DA6AF5F727C /* SimpleLineIcons.ttf */; };
		D5B2ABF024D89C230020BE4C /* Zocial.ttf in Frameworks */ = {isa = PBXBuildFile; fileRef = 9EB6DF932A30428B96346F25 /* Zocial.ttf */; };
		F281E7780CFF9548E78622E8 /* libPods-CAFAM-tvOS.a in Frameworks */ = {isa = PBXBuildFile; fileRef = C546D46E222807BA69797E8F /* libPods-CAFAM-tvOS.a */; };
		F6ABEBDC4C4DFF2018BEA162 /* libPods-CAFAM-CAFAMTests.a in Frameworks */ = {isa = PBXBuildFile; fileRef = A963048ED03B6C767B0C7CFD /* libPods-CAFAM-CAFAMTests.a */; };
/* End PBXBuildFile section */

/* Begin PBXContainerItemProxy section */
		00E356F41AD99517003FC87E /* PBXContainerItemProxy */ = {
			isa = PBXContainerItemProxy;
			containerPortal = 83CBB9F71A601CBA00E9B192 /* Project object */;
			proxyType = 1;
			remoteGlobalIDString = 13B07F861A680F5B00A75B9A;
			remoteInfo = CAFAM;
		};
		2D02E4911E0B4A5D006451C7 /* PBXContainerItemProxy */ = {
			isa = PBXContainerItemProxy;
			containerPortal = 83CBB9F71A601CBA00E9B192 /* Project object */;
			proxyType = 1;
			remoteGlobalIDString = 2D02E47A1E0B4A5D006451C7;
			remoteInfo = "CAFAM-tvOS";
		};
/* End PBXContainerItemProxy section */

/* Begin PBXFileReference section */
		008F07F21AC5B25A0029DE68 /* main.jsbundle */ = {isa = PBXFileReference; fileEncoding = 4; lastKnownFileType = text; path = main.jsbundle; sourceTree = "<group>"; };
		00E356EE1AD99517003FC87E /* CAFAMTests.xctest */ = {isa = PBXFileReference; explicitFileType = wrapper.cfbundle; includeInIndex = 0; path = CAFAMTests.xctest; sourceTree = BUILT_PRODUCTS_DIR; };
		00E356F11AD99517003FC87E /* Info.plist */ = {isa = PBXFileReference; lastKnownFileType = text.plist.xml; path = Info.plist; sourceTree = "<group>"; };
		00E356F21AD99517003FC87E /* CAFAMTests.m */ = {isa = PBXFileReference; lastKnownFileType = sourcecode.c.objc; path = CAFAMTests.m; sourceTree = "<group>"; };
		036556C72736057C677A2913 /* libPods-CAFAM-tvOSTests.a */ = {isa = PBXFileReference; explicitFileType = archive.ar; includeInIndex = 0; path = "libPods-CAFAM-tvOSTests.a"; sourceTree = BUILT_PRODUCTS_DIR; };
		03B94B9F9FF642DC8853E94D /* Merriweather-BoldItalic.ttf */ = {isa = PBXFileReference; explicitFileType = undefined; fileEncoding = 9; includeInIndex = 0; lastKnownFileType = unknown; name = "Merriweather-BoldItalic.ttf"; path = "../assets/fonts/Merriweather-BoldItalic.ttf"; sourceTree = "<group>"; };
		099E44866B0E4681992CEE32 /* Zocial.ttf */ = {isa = PBXFileReference; explicitFileType = undefined; fileEncoding = 9; includeInIndex = 0; lastKnownFileType = unknown; name = Zocial.ttf; path = "../node_modules/react-native-vector-icons/Fonts/Zocial.ttf"; sourceTree = "<group>"; };
		0A825D997BB6422EAB829DDD /* Lato-Bold.ttf */ = {isa = PBXFileReference; explicitFileType = undefined; fileEncoding = 9; includeInIndex = 0; lastKnownFileType = unknown; name = "Lato-Bold.ttf"; path = "../assets/fonts/Lato-Bold.ttf"; sourceTree = "<group>"; };
		13B07F961A680F5B00A75B9A /* CAFAM.app */ = {isa = PBXFileReference; explicitFileType = wrapper.application; includeInIndex = 0; path = CAFAM.app; sourceTree = BUILT_PRODUCTS_DIR; };
		13B07FAF1A68108700A75B9A /* AppDelegate.h */ = {isa = PBXFileReference; fileEncoding = 4; lastKnownFileType = sourcecode.c.h; name = AppDelegate.h; path = CAFAM/AppDelegate.h; sourceTree = "<group>"; };
		13B07FB01A68108700A75B9A /* AppDelegate.m */ = {isa = PBXFileReference; fileEncoding = 4; lastKnownFileType = sourcecode.c.objc; name = AppDelegate.m; path = CAFAM/AppDelegate.m; sourceTree = "<group>"; };
		13B07FB21A68108700A75B9A /* Base */ = {isa = PBXFileReference; lastKnownFileType = file.xib; name = Base; path = Base.lproj/LaunchScreen.xib; sourceTree = "<group>"; };
		13B07FB51A68108700A75B9A /* Images.xcassets */ = {isa = PBXFileReference; lastKnownFileType = folder.assetcatalog; name = Images.xcassets; path = CAFAM/Images.xcassets; sourceTree = "<group>"; };
		13B07FB61A68108700A75B9A /* Info.plist */ = {isa = PBXFileReference; fileEncoding = 4; lastKnownFileType = text.plist.xml; name = Info.plist; path = CAFAM/Info.plist; sourceTree = "<group>"; };
		13B07FB71A68108700A75B9A /* main.m */ = {isa = PBXFileReference; fileEncoding = 4; lastKnownFileType = sourcecode.c.objc; name = main.m; path = CAFAM/main.m; sourceTree = "<group>"; };
		2561A5DF86FF44F0826DB094 /* Fontisto.ttf */ = {isa = PBXFileReference; explicitFileType = undefined; fileEncoding = 9; includeInIndex = 0; lastKnownFileType = unknown; name = Fontisto.ttf; path = "../node_modules/native-base/Fonts/Fontisto.ttf"; sourceTree = "<group>"; };
		2CD57DDC4C7043AE8CF2EC42 /* rubicon-icon-font.ttf */ = {isa = PBXFileReference; explicitFileType = undefined; fileEncoding = 9; includeInIndex = 0; lastKnownFileType = unknown; name = "rubicon-icon-font.ttf"; path = "../node_modules/native-base/Fonts/rubicon-icon-font.ttf"; sourceTree = "<group>"; };
		2D02E47B1E0B4A5D006451C7 /* CAFAM-tvOS.app */ = {isa = PBXFileReference; explicitFileType = wrapper.application; includeInIndex = 0; path = "CAFAM-tvOS.app"; sourceTree = BUILT_PRODUCTS_DIR; };
		2D02E4901E0B4A5D006451C7 /* CAFAM-tvOSTests.xctest */ = {isa = PBXFileReference; explicitFileType = wrapper.cfbundle; includeInIndex = 0; path = "CAFAM-tvOSTests.xctest"; sourceTree = BUILT_PRODUCTS_DIR; };
		307413A01D144233B87FC3A4 /* MaterialCommunityIcons.ttf */ = {isa = PBXFileReference; explicitFileType = undefined; fileEncoding = 9; includeInIndex = 0; lastKnownFileType = unknown; name = MaterialCommunityIcons.ttf; path = "../node_modules/react-native-vector-icons/Fonts/MaterialCommunityIcons.ttf"; sourceTree = "<group>"; };
		3B7C6BD649844DA6AF5F727C /* SimpleLineIcons.ttf */ = {isa = PBXFileReference; explicitFileType = undefined; fileEncoding = 9; includeInIndex = 0; lastKnownFileType = unknown; name = SimpleLineIcons.ttf; path = "../node_modules/native-base/Fonts/SimpleLineIcons.ttf"; sourceTree = "<group>"; };
		414E383146DB2ED9E0BD3924 /* Pods-CAFAM.release.xcconfig */ = {isa = PBXFileReference; includeInIndex = 1; lastKnownFileType = text.xcconfig; name = "Pods-CAFAM.release.xcconfig"; path = "Target Support Files/Pods-CAFAM/Pods-CAFAM.release.xcconfig"; sourceTree = "<group>"; };
		421B48CFDEFD4501BF9DE357 /* Roboto_medium.ttf */ = {isa = PBXFileReference; explicitFileType = undefined; fileEncoding = 9; includeInIndex = 0; lastKnownFileType = unknown; name = Roboto_medium.ttf; path = "../node_modules/native-base/Fonts/Roboto_medium.ttf"; sourceTree = "<group>"; };
		4370E6E55DFF40459965E5EB /* Merriweather-Black.ttf */ = {isa = PBXFileReference; explicitFileType = undefined; fileEncoding = 9; includeInIndex = 0; lastKnownFileType = unknown; name = "Merriweather-Black.ttf"; path = "../assets/fonts/Merriweather-Black.ttf"; sourceTree = "<group>"; };
		49D5868E0D3043C68BAED300 /* AntDesign.ttf */ = {isa = PBXFileReference; explicitFileType = undefined; fileEncoding = 9; includeInIndex = 0; lastKnownFileType = unknown; name = AntDesign.ttf; path = "../node_modules/react-native-vector-icons/Fonts/AntDesign.ttf"; sourceTree = "<group>"; };
		4B35C2A442D640B1A41849D9 /* Roboto.ttf */ = {isa = PBXFileReference; explicitFileType = undefined; fileEncoding = 9; includeInIndex = 0; lastKnownFileType = unknown; name = Roboto.ttf; path = "../node_modules/native-base/Fonts/Roboto.ttf"; sourceTree = "<group>"; };
		4E2E546AEF064448B7F678A2 /* Merriweather-Bold.ttf */ = {isa = PBXFileReference; explicitFileType = undefined; fileEncoding = 9; includeInIndex = 0; lastKnownFileType = unknown; name = "Merriweather-Bold.ttf"; path = "../assets/fonts/Merriweather-Bold.ttf"; sourceTree = "<group>"; };
		4F578C771AAC4229AC4984E9 /* FontAwesome.ttf */ = {isa = PBXFileReference; explicitFileType = undefined; fileEncoding = 9; includeInIndex = 0; lastKnownFileType = unknown; name = FontAwesome.ttf; path = "../node_modules/native-base/Fonts/FontAwesome.ttf"; sourceTree = "<group>"; };
		50FD95DF3DB2FD403BAEE070 /* Pods-CAFAM-tvOSTests.debug.xcconfig */ = {isa = PBXFileReference; includeInIndex = 1; lastKnownFileType = text.xcconfig; name = "Pods-CAFAM-tvOSTests.debug.xcconfig"; path = "Target Support Files/Pods-CAFAM-tvOSTests/Pods-CAFAM-tvOSTests.debug.xcconfig"; sourceTree = "<group>"; };
		51C51FB30B2141AEBA9C2E24 /* EvilIcons.ttf */ = {isa = PBXFileReference; explicitFileType = undefined; fileEncoding = 9; includeInIndex = 0; lastKnownFileType = unknown; name = EvilIcons.ttf; path = "../node_modules/native-base/Fonts/EvilIcons.ttf"; sourceTree = "<group>"; };
		538E454D409F4BD6BC180C2A /* Entypo.ttf */ = {isa = PBXFileReference; explicitFileType = undefined; fileEncoding = 9; includeInIndex = 0; lastKnownFileType = unknown; name = Entypo.ttf; path = "../node_modules/native-base/Fonts/Entypo.ttf"; sourceTree = "<group>"; };
		58425C13C6544BD5AD37B65A /* Merriweather-BlackItalic.ttf */ = {isa = PBXFileReference; explicitFileType = undefined; fileEncoding = 9; includeInIndex = 0; lastKnownFileType = unknown; name = "Merriweather-BlackItalic.ttf"; path = "../assets/fonts/Merriweather-BlackItalic.ttf"; sourceTree = "<group>"; };
		5856FE5D8B36412BBF6D8318 /* SimpleLineIcons.ttf */ = {isa = PBXFileReference; explicitFileType = undefined; fileEncoding = 9; includeInIndex = 0; lastKnownFileType = unknown; name = SimpleLineIcons.ttf; path = "../node_modules/react-native-vector-icons/Fonts/SimpleLineIcons.ttf"; sourceTree = "<group>"; };
		6B485FD711364C68A6B783D9 /* MaterialCommunityIcons.ttf */ = {isa = PBXFileReference; explicitFileType = undefined; fileEncoding = 9; includeInIndex = 0; lastKnownFileType = unknown; name = MaterialCommunityIcons.ttf; path = "../node_modules/native-base/Fonts/MaterialCommunityIcons.ttf"; sourceTree = "<group>"; };
		6BA6909774A74683A9297D9D /* FontAwesome5_Brands.ttf */ = {isa = PBXFileReference; explicitFileType = undefined; fileEncoding = 9; includeInIndex = 0; lastKnownFileType = unknown; name = FontAwesome5_Brands.ttf; path = "../node_modules/native-base/Fonts/FontAwesome5_Brands.ttf"; sourceTree = "<group>"; };
		70141AA8C70163A38203958C /* Pods-CAFAM-CAFAMTests.debug.xcconfig */ = {isa = PBXFileReference; includeInIndex = 1; lastKnownFileType = text.xcconfig; name = "Pods-CAFAM-CAFAMTests.debug.xcconfig"; path = "Target Support Files/Pods-CAFAM-CAFAMTests/Pods-CAFAM-CAFAMTests.debug.xcconfig"; sourceTree = "<group>"; };
		76D89D3A4C0D301DD2A94382 /* Pods-CAFAM-tvOSTests.release.xcconfig */ = {isa = PBXFileReference; includeInIndex = 1; lastKnownFileType = text.xcconfig; name = "Pods-CAFAM-tvOSTests.release.xcconfig"; path = "Target Support Files/Pods-CAFAM-tvOSTests/Pods-CAFAM-tvOSTests.release.xcconfig"; sourceTree = "<group>"; };
		7F6005650E854B64A9F56B8C /* MaterialIcons.ttf */ = {isa = PBXFileReference; explicitFileType = undefined; fileEncoding = 9; includeInIndex = 0; lastKnownFileType = unknown; name = MaterialIcons.ttf; path = "../node_modules/react-native-vector-icons/Fonts/MaterialIcons.ttf"; sourceTree = "<group>"; };
		939F894C93544323884C75D6 /* Merriweather-Light.ttf */ = {isa = PBXFileReference; explicitFileType = undefined; fileEncoding = 9; includeInIndex = 0; lastKnownFileType = unknown; name = "Merriweather-Light.ttf"; path = "../assets/fonts/Merriweather-Light.ttf"; sourceTree = "<group>"; };
		947F9DCE44B6ED9EA3A7CC26 /* Pods-CAFAM-tvOS.debug.xcconfig */ = {isa = PBXFileReference; includeInIndex = 1; lastKnownFileType = text.xcconfig; name = "Pods-CAFAM-tvOS.debug.xcconfig"; path = "Target Support Files/Pods-CAFAM-tvOS/Pods-CAFAM-tvOS.debug.xcconfig"; sourceTree = "<group>"; };
		972E3D4EDDA94939B795DC9B /* FontAwesome5_Solid.ttf */ = {isa = PBXFileReference; explicitFileType = undefined; fileEncoding = 9; includeInIndex = 0; lastKnownFileType = unknown; name = FontAwesome5_Solid.ttf; path = "../node_modules/native-base/Fonts/FontAwesome5_Solid.ttf"; sourceTree = "<group>"; };
		9B7D53759FCB48CB8947E299 /* FontAwesome.ttf */ = {isa = PBXFileReference; explicitFileType = undefined; fileEncoding = 9; includeInIndex = 0; lastKnownFileType = unknown; name = FontAwesome.ttf; path = "../node_modules/react-native-vector-icons/Fonts/FontAwesome.ttf"; sourceTree = "<group>"; };
		9BC57B51FDD54C4AB958D627 /* EvilIcons.ttf */ = {isa = PBXFileReference; explicitFileType = undefined; fileEncoding = 9; includeInIndex = 0; lastKnownFileType = unknown; name = EvilIcons.ttf; path = "../node_modules/react-native-vector-icons/Fonts/EvilIcons.ttf"; sourceTree = "<group>"; };
		9EB6DF932A30428B96346F25 /* Zocial.ttf */ = {isa = PBXFileReference; explicitFileType = undefined; fileEncoding = 9; includeInIndex = 0; lastKnownFileType = unknown; name = Zocial.ttf; path = "../node_modules/native-base/Fonts/Zocial.ttf"; sourceTree = "<group>"; };
		9FF2171390594201A641A53F /* MaterialIcons.ttf */ = {isa = PBXFileReference; explicitFileType = undefined; fileEncoding = 9; includeInIndex = 0; lastKnownFileType = unknown; name = MaterialIcons.ttf; path = "../node_modules/native-base/Fonts/MaterialIcons.ttf"; sourceTree = "<group>"; };
		A18C2C5E94C540DF91C5FA94 /* Octicons.ttf */ = {isa = PBXFileReference; explicitFileType = undefined; fileEncoding = 9; includeInIndex = 0; lastKnownFileType = unknown; name = Octicons.ttf; path = "../node_modules/react-native-vector-icons/Fonts/Octicons.ttf"; sourceTree = "<group>"; };
		A854F50151464EC39317E208 /* Merriweather-LightItalic.ttf */ = {isa = PBXFileReference; explicitFileType = undefined; fileEncoding = 9; includeInIndex = 0; lastKnownFileType = unknown; name = "Merriweather-LightItalic.ttf"; path = "../assets/fonts/Merriweather-LightItalic.ttf"; sourceTree = "<group>"; };
		A963048ED03B6C767B0C7CFD /* libPods-CAFAM-CAFAMTests.a */ = {isa = PBXFileReference; explicitFileType = archive.ar; includeInIndex = 0; path = "libPods-CAFAM-CAFAMTests.a"; sourceTree = BUILT_PRODUCTS_DIR; };
		B1D6E30B6A007D4BB3486908 /* libPods-CAFAM.a */ = {isa = PBXFileReference; explicitFileType = archive.ar; includeInIndex = 0; path = "libPods-CAFAM.a"; sourceTree = BUILT_PRODUCTS_DIR; };
		B3156B28D0DE41879677A29E /* Octicons.ttf */ = {isa = PBXFileReference; explicitFileType = undefined; fileEncoding = 9; includeInIndex = 0; lastKnownFileType = unknown; name = Octicons.ttf; path = "../node_modules/native-base/Fonts/Octicons.ttf"; sourceTree = "<group>"; };
		B6BDDF96496F4B8F97786DEE /* Feather.ttf */ = {isa = PBXFileReference; explicitFileType = undefined; fileEncoding = 9; includeInIndex = 0; lastKnownFileType = unknown; name = Feather.ttf; path = "../node_modules/native-base/Fonts/Feather.ttf"; sourceTree = "<group>"; };
		BE7DDA77D110D8A090952BB1 /* Pods-CAFAM-CAFAMTests.release.xcconfig */ = {isa = PBXFileReference; includeInIndex = 1; lastKnownFileType = text.xcconfig; name = "Pods-CAFAM-CAFAMTests.release.xcconfig"; path = "Target Support Files/Pods-CAFAM-CAFAMTests/Pods-CAFAM-CAFAMTests.release.xcconfig"; sourceTree = "<group>"; };
		C546D46E222807BA69797E8F /* libPods-CAFAM-tvOS.a */ = {isa = PBXFileReference; explicitFileType = archive.ar; includeInIndex = 0; path = "libPods-CAFAM-tvOS.a"; sourceTree = BUILT_PRODUCTS_DIR; };
		C7BA3DD5F51549D88D310109 /* AntDesign.ttf */ = {isa = PBXFileReference; explicitFileType = undefined; fileEncoding = 9; includeInIndex = 0; lastKnownFileType = unknown; name = AntDesign.ttf; path = "../node_modules/native-base/Fonts/AntDesign.ttf"; sourceTree = "<group>"; };
		CA7BF8FD860980F90E8CC187 /* Pods-CAFAM-tvOS.release.xcconfig */ = {isa = PBXFileReference; includeInIndex = 1; lastKnownFileType = text.xcconfig; name = "Pods-CAFAM-tvOS.release.xcconfig"; path = "Target Support Files/Pods-CAFAM-tvOS/Pods-CAFAM-tvOS.release.xcconfig"; sourceTree = "<group>"; };
		CB53BACD3ACD4EFD961BB73B /* Foundation.ttf */ = {isa = PBXFileReference; explicitFileType = undefined; fileEncoding = 9; includeInIndex = 0; lastKnownFileType = unknown; name = Foundation.ttf; path = "../node_modules/react-native-vector-icons/Fonts/Foundation.ttf"; sourceTree = "<group>"; };
		CDEE0CD336A649ABA4205C50 /* FontAwesome5_Regular.ttf */ = {isa = PBXFileReference; explicitFileType = undefined; fileEncoding = 9; includeInIndex = 0; lastKnownFileType = unknown; name = FontAwesome5_Regular.ttf; path = "../node_modules/native-base/Fonts/FontAwesome5_Regular.ttf"; sourceTree = "<group>"; };
		D2152215F2F94442809F2EC4 /* FontAwesome5_Solid.ttf */ = {isa = PBXFileReference; explicitFileType = undefined; fileEncoding = 9; includeInIndex = 0; lastKnownFileType = unknown; name = FontAwesome5_Solid.ttf; path = "../node_modules/react-native-vector-icons/Fonts/FontAwesome5_Solid.ttf"; sourceTree = "<group>"; };
		D478DD80320E45BF96A5DFA2 /* Fontisto.ttf */ = {isa = PBXFileReference; explicitFileType = undefined; fileEncoding = 9; includeInIndex = 0; lastKnownFileType = unknown; name = Fontisto.ttf; path = "../node_modules/react-native-vector-icons/Fonts/Fontisto.ttf"; sourceTree = "<group>"; };
		D5B2ABB024D88D340020BE4C /* Ionicons.ttf */ = {isa = PBXFileReference; lastKnownFileType = file; name = Ionicons.ttf; path = "../../node_modules/react-native-vector-icons/Fonts/Ionicons.ttf"; sourceTree = "<group>"; };
		D5B2ABB124D88D340020BE4C /* EvilIcons.ttf */ = {isa = PBXFileReference; lastKnownFileType = file; name = EvilIcons.ttf; path = "../../node_modules/react-native-vector-icons/Fonts/EvilIcons.ttf"; sourceTree = "<group>"; };
		D5B2ABB224D88D340020BE4C /* AntDesign.ttf */ = {isa = PBXFileReference; lastKnownFileType = file; name = AntDesign.ttf; path = "../../node_modules/react-native-vector-icons/Fonts/AntDesign.ttf"; sourceTree = "<group>"; };
		D5B2ABB324D88D340020BE4C /* MaterialCommunityIcons.ttf */ = {isa = PBXFileReference; lastKnownFileType = file; name = MaterialCommunityIcons.ttf; path = "../../node_modules/react-native-vector-icons/Fonts/MaterialCommunityIcons.ttf"; sourceTree = "<group>"; };
		D5B2ABB424D88D340020BE4C /* Octicons.ttf */ = {isa = PBXFileReference; lastKnownFileType = file; name = Octicons.ttf; path = "../../node_modules/react-native-vector-icons/Fonts/Octicons.ttf"; sourceTree = "<group>"; };
		D5B2ABB524D88D340020BE4C /* SimpleLineIcons.ttf */ = {isa = PBXFileReference; lastKnownFileType = file; name = SimpleLineIcons.ttf; path = "../../node_modules/react-native-vector-icons/Fonts/SimpleLineIcons.ttf"; sourceTree = "<group>"; };
		D5B2ABB624D88D340020BE4C /* FontAwesome5_Regular.ttf */ = {isa = PBXFileReference; lastKnownFileType = file; name = FontAwesome5_Regular.ttf; path = "../../node_modules/react-native-vector-icons/Fonts/FontAwesome5_Regular.ttf"; sourceTree = "<group>"; };
		D5B2ABB724D88D340020BE4C /* Foundation.ttf */ = {isa = PBXFileReference; lastKnownFileType = file; name = Foundation.ttf; path = "../../node_modules/react-native-vector-icons/Fonts/Foundation.ttf"; sourceTree = "<group>"; };
		D5B2ABB824D88D340020BE4C /* FontAwesome5_Brands.ttf */ = {isa = PBXFileReference; lastKnownFileType = file; name = FontAwesome5_Brands.ttf; path = "../../node_modules/react-native-vector-icons/Fonts/FontAwesome5_Brands.ttf"; sourceTree = "<group>"; };
		D5B2ABB924D88D340020BE4C /* MaterialIcons.ttf */ = {isa = PBXFileReference; lastKnownFileType = file; name = MaterialIcons.ttf; path = "../../node_modules/react-native-vector-icons/Fonts/MaterialIcons.ttf"; sourceTree = "<group>"; };
		D5B2ABBA24D88D340020BE4C /* Zocial.ttf */ = {isa = PBXFileReference; lastKnownFileType = file; name = Zocial.ttf; path = "../../node_modules/react-native-vector-icons/Fonts/Zocial.ttf"; sourceTree = "<group>"; };
		D5B2ABBB24D88D340020BE4C /* FontAwesome5_Solid.ttf */ = {isa = PBXFileReference; lastKnownFileType = file; name = FontAwesome5_Solid.ttf; path = "../../node_modules/react-native-vector-icons/Fonts/FontAwesome5_Solid.ttf"; sourceTree = "<group>"; };
		D5B2ABBC24D88D340020BE4C /* Feather.ttf */ = {isa = PBXFileReference; lastKnownFileType = file; name = Feather.ttf; path = "../../node_modules/react-native-vector-icons/Fonts/Feather.ttf"; sourceTree = "<group>"; };
		D5B2ABBD24D88D340020BE4C /* Entypo.ttf */ = {isa = PBXFileReference; lastKnownFileType = file; name = Entypo.ttf; path = "../../node_modules/react-native-vector-icons/Fonts/Entypo.ttf"; sourceTree = "<group>"; };
		D5B2ABBE24D88D340020BE4C /* FontAwesome.ttf */ = {isa = PBXFileReference; lastKnownFileType = file; name = FontAwesome.ttf; path = "../../node_modules/react-native-vector-icons/Fonts/FontAwesome.ttf"; sourceTree = "<group>"; };
		D5B2ABBF24D88D350020BE4C /* Fontisto.ttf */ = {isa = PBXFileReference; lastKnownFileType = file; name = Fontisto.ttf; path = "../../node_modules/react-native-vector-icons/Fonts/Fontisto.ttf"; sourceTree = "<group>"; };
		D5B2ABC424D895B70020BE4C /* GoogleService-Info.plist */ = {isa = PBXFileReference; fileEncoding = 4; lastKnownFileType = text.plist.xml; name = "GoogleService-Info.plist"; path = "../../../Downloads/GoogleService-Info.plist"; sourceTree = "<group>"; };
		D86F43CB6AF9481BBBCD9D08 /* Ionicons.ttf */ = {isa = PBXFileReference; explicitFileType = undefined; fileEncoding = 9; includeInIndex = 0; lastKnownFileType = unknown; name = Ionicons.ttf; path = "../node_modules/native-base/Fonts/Ionicons.ttf"; sourceTree = "<group>"; };
		E42E1A172A59463894379C87 /* Pods-CAFAM.debug.xcconfig */ = {isa = PBXFileReference; includeInIndex = 1; lastKnownFileType = text.xcconfig; name = "Pods-CAFAM.debug.xcconfig"; path = "Target Support Files/Pods-CAFAM/Pods-CAFAM.debug.xcconfig"; sourceTree = "<group>"; };
		E484097700B0424FB0950EC8 /* Ionicons.ttf */ = {isa = PBXFileReference; explicitFileType = undefined; fileEncoding = 9; includeInIndex = 0; lastKnownFileType = unknown; name = Ionicons.ttf; path = "../node_modules/react-native-vector-icons/Fonts/Ionicons.ttf"; sourceTree = "<group>"; };
		E7E87BD31E004EC590088AE3 /* FontAwesome5_Regular.ttf */ = {isa = PBXFileReference; explicitFileType = undefined; fileEncoding = 9; includeInIndex = 0; lastKnownFileType = unknown; name = FontAwesome5_Regular.ttf; path = "../node_modules/react-native-vector-icons/Fonts/FontAwesome5_Regular.ttf"; sourceTree = "<group>"; };
		E9ED8FCE6E204D5FB3B889AE /* Feather.ttf */ = {isa = PBXFileReference; explicitFileType = undefined; fileEncoding = 9; includeInIndex = 0; lastKnownFileType = unknown; name = Feather.ttf; path = "../node_modules/react-native-vector-icons/Fonts/Feather.ttf"; sourceTree = "<group>"; };
		EC5F7E2D675B45798C7D50CE /* Lato-Italic.ttf */ = {isa = PBXFileReference; explicitFileType = undefined; fileEncoding = 9; includeInIndex = 0; lastKnownFileType = unknown; name = "Lato-Italic.ttf"; path = "../assets/fonts/Lato-Italic.ttf"; sourceTree = "<group>"; };
		ED297162215061F000B7C4FE /* JavaScriptCore.framework */ = {isa = PBXFileReference; lastKnownFileType = wrapper.framework; name = JavaScriptCore.framework; path = System/Library/Frameworks/JavaScriptCore.framework; sourceTree = SDKROOT; };
		ED2971642150620600B7C4FE /* JavaScriptCore.framework */ = {isa = PBXFileReference; lastKnownFileType = wrapper.framework; name = JavaScriptCore.framework; path = Platforms/AppleTVOS.platform/Developer/SDKs/AppleTVOS12.0.sdk/System/Library/Frameworks/JavaScriptCore.framework; sourceTree = DEVELOPER_DIR; };
		F19C6F8D8B39432F8CD36288 /* Entypo.ttf */ = {isa = PBXFileReference; explicitFileType = undefined; fileEncoding = 9; includeInIndex = 0; lastKnownFileType = unknown; name = Entypo.ttf; path = "../node_modules/react-native-vector-icons/Fonts/Entypo.ttf"; sourceTree = "<group>"; };
		F30D9D291FD4443590DAAB2F /* Lato-Regular.ttf */ = {isa = PBXFileReference; explicitFileType = undefined; fileEncoding = 9; includeInIndex = 0; lastKnownFileType = unknown; name = "Lato-Regular.ttf"; path = "../assets/fonts/Lato-Regular.ttf"; sourceTree = "<group>"; };
		F50B7E70EE4141D38DE212C7 /* Foundation.ttf */ = {isa = PBXFileReference; explicitFileType = undefined; fileEncoding = 9; includeInIndex = 0; lastKnownFileType = unknown; name = Foundation.ttf; path = "../node_modules/native-base/Fonts/Foundation.ttf"; sourceTree = "<group>"; };
		FC2AFABA86FD45DAB175FCDA /* FontAwesome5_Brands.ttf */ = {isa = PBXFileReference; explicitFileType = undefined; fileEncoding = 9; includeInIndex = 0; lastKnownFileType = unknown; name = FontAwesome5_Brands.ttf; path = "../node_modules/react-native-vector-icons/Fonts/FontAwesome5_Brands.ttf"; sourceTree = "<group>"; };
/* End PBXFileReference section */

/* Begin PBXFrameworksBuildPhase section */
		00E356EB1AD99517003FC87E /* Frameworks */ = {
			isa = PBXFrameworksBuildPhase;
			buildActionMask = 2147483647;
			files = (
				F6ABEBDC4C4DFF2018BEA162 /* libPods-CAFAM-CAFAMTests.a in Frameworks */,
			);
			runOnlyForDeploymentPostprocessing = 0;
		};
		13B07F8C1A680F5B00A75B9A /* Frameworks */ = {
			isa = PBXFrameworksBuildPhase;
			buildActionMask = 2147483647;
			files = (
				D5B2ABC924D89BB90020BE4C /* EvilIcons.ttf in Frameworks */,
				57C6838DD0693F3415BACA69 /* libPods-CAFAM.a in Frameworks */,
				D5B2ABC624D89B4A0020BE4C /* Feather.ttf in Frameworks */,
				D5B2ABC724D89BB40020BE4C /* AntDesign.ttf in Frameworks */,
				D5B2ABCA24D89BBE0020BE4C /* FontAwesome.ttf in Frameworks */,
				D5B2ABCB24D89BC00020BE4C /* FontAwesome5_Brands.ttf in Frameworks */,
				D5B2ABCC24D89BC20020BE4C /* FontAwesome5_Regular.ttf in Frameworks */,
				D5B2ABCF24D89BCD0020BE4C /* Foundation.ttf in Frameworks */,
				D5B2ABCE24D89BCB0020BE4C /* Fontisto.ttf in Frameworks */,
				D5B2ABC824D89BB60020BE4C /* Entypo.ttf in Frameworks */,
				D5B2ABD124D89BD00020BE4C /* MaterialCommunityIcons.ttf in Frameworks */,
				D5B2ABD224D89BD20020BE4C /* MaterialIcons.ttf in Frameworks */,
				D5B2ABF024D89C230020BE4C /* Zocial.ttf in Frameworks */,
				D5B2ABD424D89BEA0020BE4C /* SimpleLineIcons.ttf in Frameworks */,
				D5B2ABD924D89BF50020BE4C /* Merriweather-Black.ttf in Frameworks */,
				D5B2ABD324D89BD40020BE4C /* Octicons.ttf in Frameworks */,
				D5B2ABEB24D89C140020BE4C /* Octicons.ttf in Frameworks */,
				D5B2ABDA24D89BF70020BE4C /* Merriweather-Bold.ttf in Frameworks */,
				D5B2ABEC24D89C160020BE4C /* Roboto_medium.ttf in Frameworks */,
				D5B2ABEF24D89C1B0020BE4C /* SimpleLineIcons.ttf in Frameworks */,
				D5B2ABEE24D89C190020BE4C /* rubicon-icon-font.ttf in Frameworks */,
				D5B2ABE524D89C0B0020BE4C /* FontAwesome5_Solid.ttf in Frameworks */,
				D5B2ABED24D89C180020BE4C /* Roboto.ttf in Frameworks */,
				D5B2ABEA24D89C130020BE4C /* MaterialIcons.ttf in Frameworks */,
				D5B2ABE724D89C0D0020BE4C /* Foundation.ttf in Frameworks */,
				D5B2ABE924D89C110020BE4C /* MaterialCommunityIcons.ttf in Frameworks */,
				D5B2ABE824D89C0F0020BE4C /* Ionicons.ttf in Frameworks */,
				D5B2ABE624D89C0C0020BE4C /* Fontisto.ttf in Frameworks */,
				D5B2ABDE24D89BFD0020BE4C /* AntDesign.ttf in Frameworks */,
				D5B2ABD024D89BCF0020BE4C /* Ionicons.ttf in Frameworks */,
				D5B2ABE224D89C040020BE4C /* FontAwesome.ttf in Frameworks */,
				D5B2ABE324D89C060020BE4C /* FontAwesome5_Brands.ttf in Frameworks */,
				D5B2ABE424D89C080020BE4C /* FontAwesome5_Regular.ttf in Frameworks */,
				D5B2ABE124D89C020020BE4C /* Feather.ttf in Frameworks */,
				D5B2ABE024D89C010020BE4C /* EvilIcons.ttf in Frameworks */,
				D5B2ABDF24D89BFF0020BE4C /* Entypo.ttf in Frameworks */,
				D5B2ABDD24D89BFC0020BE4C /* Merriweather-LightItalic.ttf in Frameworks */,
				D5B2ABDC24D89BFA0020BE4C /* Merriweather-Light.ttf in Frameworks */,
				D5B2ABDB24D89BF80020BE4C /* Merriweather-BoldItalic.ttf in Frameworks */,
				D5B2ABD524D89BEC0020BE4C /* Zocial.ttf in Frameworks */,
				D5B2ABD824D89BF20020BE4C /* Lato-Regular.ttf in Frameworks */,
				D5B2ABD624D89BED0020BE4C /* Lato-Bold.ttf in Frameworks */,
				D5B2ABD724D89BF00020BE4C /* Lato-Italic.ttf in Frameworks */,
				D5B2ABCD24D89BC70020BE4C /* FontAwesome5_Solid.ttf in Frameworks */,
			);
			runOnlyForDeploymentPostprocessing = 0;
		};
		2D02E4781E0B4A5D006451C7 /* Frameworks */ = {
			isa = PBXFrameworksBuildPhase;
			buildActionMask = 2147483647;
			files = (
				F281E7780CFF9548E78622E8 /* libPods-CAFAM-tvOS.a in Frameworks */,
			);
			runOnlyForDeploymentPostprocessing = 0;
		};
		2D02E48D1E0B4A5D006451C7 /* Frameworks */ = {
			isa = PBXFrameworksBuildPhase;
			buildActionMask = 2147483647;
			files = (
				CB00D76E2C8D5FDCEA00EB81 /* libPods-CAFAM-tvOSTests.a in Frameworks */,
			);
			runOnlyForDeploymentPostprocessing = 0;
		};
/* End PBXFrameworksBuildPhase section */

/* Begin PBXGroup section */
		00E356EF1AD99517003FC87E /* CAFAMTests */ = {
			isa = PBXGroup;
			children = (
				00E356F21AD99517003FC87E /* CAFAMTests.m */,
				00E356F01AD99517003FC87E /* Supporting Files */,
			);
			path = CAFAMTests;
			sourceTree = "<group>";
		};
		00E356F01AD99517003FC87E /* Supporting Files */ = {
			isa = PBXGroup;
			children = (
				00E356F11AD99517003FC87E /* Info.plist */,
			);
			name = "Supporting Files";
			sourceTree = "<group>";
		};
		13B07FAE1A68108700A75B9A /* CAFAM */ = {
			isa = PBXGroup;
			children = (
				008F07F21AC5B25A0029DE68 /* main.jsbundle */,
				13B07FAF1A68108700A75B9A /* AppDelegate.h */,
				13B07FB01A68108700A75B9A /* AppDelegate.m */,
				13B07FB51A68108700A75B9A /* Images.xcassets */,
				13B07FB61A68108700A75B9A /* Info.plist */,
				D5B2ABC424D895B70020BE4C /* GoogleService-Info.plist */,
				13B07FB11A68108700A75B9A /* LaunchScreen.xib */,
				13B07FB71A68108700A75B9A /* main.m */,
			);
			name = CAFAM;
			sourceTree = "<group>";
		};
		2D16E6871FA4F8E400B85C8A /* Frameworks */ = {
			isa = PBXGroup;
			children = (
				ED297162215061F000B7C4FE /* JavaScriptCore.framework */,
				ED2971642150620600B7C4FE /* JavaScriptCore.framework */,
				B1D6E30B6A007D4BB3486908 /* libPods-CAFAM.a */,
				A963048ED03B6C767B0C7CFD /* libPods-CAFAM-CAFAMTests.a */,
				C546D46E222807BA69797E8F /* libPods-CAFAM-tvOS.a */,
				036556C72736057C677A2913 /* libPods-CAFAM-tvOSTests.a */,
			);
			name = Frameworks;
			sourceTree = "<group>";
		};
		4AA9ACAB263741338224AD95 /* Resources */ = {
			isa = PBXGroup;
			children = (
				49D5868E0D3043C68BAED300 /* AntDesign.ttf */,
				F19C6F8D8B39432F8CD36288 /* Entypo.ttf */,
				9BC57B51FDD54C4AB958D627 /* EvilIcons.ttf */,
				E9ED8FCE6E204D5FB3B889AE /* Feather.ttf */,
				9B7D53759FCB48CB8947E299 /* FontAwesome.ttf */,
				FC2AFABA86FD45DAB175FCDA /* FontAwesome5_Brands.ttf */,
				E7E87BD31E004EC590088AE3 /* FontAwesome5_Regular.ttf */,
				D2152215F2F94442809F2EC4 /* FontAwesome5_Solid.ttf */,
				D478DD80320E45BF96A5DFA2 /* Fontisto.ttf */,
				CB53BACD3ACD4EFD961BB73B /* Foundation.ttf */,
				E484097700B0424FB0950EC8 /* Ionicons.ttf */,
				307413A01D144233B87FC3A4 /* MaterialCommunityIcons.ttf */,
				7F6005650E854B64A9F56B8C /* MaterialIcons.ttf */,
				A18C2C5E94C540DF91C5FA94 /* Octicons.ttf */,
				5856FE5D8B36412BBF6D8318 /* SimpleLineIcons.ttf */,
				099E44866B0E4681992CEE32 /* Zocial.ttf */,
				0A825D997BB6422EAB829DDD /* Lato-Bold.ttf */,
				EC5F7E2D675B45798C7D50CE /* Lato-Italic.ttf */,
				F30D9D291FD4443590DAAB2F /* Lato-Regular.ttf */,
				4370E6E55DFF40459965E5EB /* Merriweather-Black.ttf */,
				58425C13C6544BD5AD37B65A /* Merriweather-BlackItalic.ttf */,
				4E2E546AEF064448B7F678A2 /* Merriweather-Bold.ttf */,
				03B94B9F9FF642DC8853E94D /* Merriweather-BoldItalic.ttf */,
				939F894C93544323884C75D6 /* Merriweather-Light.ttf */,
				A854F50151464EC39317E208 /* Merriweather-LightItalic.ttf */,
				C7BA3DD5F51549D88D310109 /* AntDesign.ttf */,
				538E454D409F4BD6BC180C2A /* Entypo.ttf */,
				51C51FB30B2141AEBA9C2E24 /* EvilIcons.ttf */,
				B6BDDF96496F4B8F97786DEE /* Feather.ttf */,
				4F578C771AAC4229AC4984E9 /* FontAwesome.ttf */,
				6BA6909774A74683A9297D9D /* FontAwesome5_Brands.ttf */,
				CDEE0CD336A649ABA4205C50 /* FontAwesome5_Regular.ttf */,
				972E3D4EDDA94939B795DC9B /* FontAwesome5_Solid.ttf */,
				2561A5DF86FF44F0826DB094 /* Fontisto.ttf */,
				F50B7E70EE4141D38DE212C7 /* Foundation.ttf */,
				D86F43CB6AF9481BBBCD9D08 /* Ionicons.ttf */,
				6B485FD711364C68A6B783D9 /* MaterialCommunityIcons.ttf */,
				9FF2171390594201A641A53F /* MaterialIcons.ttf */,
				B3156B28D0DE41879677A29E /* Octicons.ttf */,
				421B48CFDEFD4501BF9DE357 /* Roboto_medium.ttf */,
				4B35C2A442D640B1A41849D9 /* Roboto.ttf */,
				2CD57DDC4C7043AE8CF2EC42 /* rubicon-icon-font.ttf */,
				3B7C6BD649844DA6AF5F727C /* SimpleLineIcons.ttf */,
				9EB6DF932A30428B96346F25 /* Zocial.ttf */,
			);
			name = Resources;
			sourceTree = "<group>";
		};
		832341AE1AAA6A7D00B99B32 /* Libraries */ = {
			isa = PBXGroup;
			children = (
			);
			name = Libraries;
			sourceTree = "<group>";
		};
		83CBB9F61A601CBA00E9B192 = {
			isa = PBXGroup;
			children = (
				D5B2ABAF24D88CA60020BE4C /* Fonts */,
				13B07FAE1A68108700A75B9A /* CAFAM */,
				832341AE1AAA6A7D00B99B32 /* Libraries */,
				00E356EF1AD99517003FC87E /* CAFAMTests */,
				83CBBA001A601CBA00E9B192 /* Products */,
				2D16E6871FA4F8E400B85C8A /* Frameworks */,
				E5B91AB1484B5F3065FD1E51 /* Pods */,
				4AA9ACAB263741338224AD95 /* Resources */,
			);
			indentWidth = 2;
			sourceTree = "<group>";
			tabWidth = 2;
			usesTabs = 0;
		};
		83CBBA001A601CBA00E9B192 /* Products */ = {
			isa = PBXGroup;
			children = (
				13B07F961A680F5B00A75B9A /* CAFAM.app */,
				00E356EE1AD99517003FC87E /* CAFAMTests.xctest */,
				2D02E47B1E0B4A5D006451C7 /* CAFAM-tvOS.app */,
				2D02E4901E0B4A5D006451C7 /* CAFAM-tvOSTests.xctest */,
			);
			name = Products;
			sourceTree = "<group>";
		};
		D5B2ABAF24D88CA60020BE4C /* Fonts */ = {
			isa = PBXGroup;
			children = (
				D5B2ABB224D88D340020BE4C /* AntDesign.ttf */,
				D5B2ABBD24D88D340020BE4C /* Entypo.ttf */,
				D5B2ABB124D88D340020BE4C /* EvilIcons.ttf */,
				D5B2ABBC24D88D340020BE4C /* Feather.ttf */,
				D5B2ABBE24D88D340020BE4C /* FontAwesome.ttf */,
				D5B2ABB824D88D340020BE4C /* FontAwesome5_Brands.ttf */,
				D5B2ABB624D88D340020BE4C /* FontAwesome5_Regular.ttf */,
				D5B2ABBB24D88D340020BE4C /* FontAwesome5_Solid.ttf */,
				D5B2ABBF24D88D350020BE4C /* Fontisto.ttf */,
				D5B2ABB724D88D340020BE4C /* Foundation.ttf */,
				D5B2ABB024D88D340020BE4C /* Ionicons.ttf */,
				D5B2ABB324D88D340020BE4C /* MaterialCommunityIcons.ttf */,
				D5B2ABB924D88D340020BE4C /* MaterialIcons.ttf */,
				D5B2ABB424D88D340020BE4C /* Octicons.ttf */,
				D5B2ABB524D88D340020BE4C /* SimpleLineIcons.ttf */,
				D5B2ABBA24D88D340020BE4C /* Zocial.ttf */,
			);
			path = Fonts;
			sourceTree = "<group>";
		};
		E5B91AB1484B5F3065FD1E51 /* Pods */ = {
			isa = PBXGroup;
			children = (
				E42E1A172A59463894379C87 /* Pods-CAFAM.debug.xcconfig */,
				414E383146DB2ED9E0BD3924 /* Pods-CAFAM.release.xcconfig */,
				70141AA8C70163A38203958C /* Pods-CAFAM-CAFAMTests.debug.xcconfig */,
				BE7DDA77D110D8A090952BB1 /* Pods-CAFAM-CAFAMTests.release.xcconfig */,
				947F9DCE44B6ED9EA3A7CC26 /* Pods-CAFAM-tvOS.debug.xcconfig */,
				CA7BF8FD860980F90E8CC187 /* Pods-CAFAM-tvOS.release.xcconfig */,
				50FD95DF3DB2FD403BAEE070 /* Pods-CAFAM-tvOSTests.debug.xcconfig */,
				76D89D3A4C0D301DD2A94382 /* Pods-CAFAM-tvOSTests.release.xcconfig */,
			);
			path = Pods;
			sourceTree = "<group>";
		};
/* End PBXGroup section */

/* Begin PBXNativeTarget section */
		00E356ED1AD99517003FC87E /* CAFAMTests */ = {
			isa = PBXNativeTarget;
			buildConfigurationList = 00E357021AD99517003FC87E /* Build configuration list for PBXNativeTarget "CAFAMTests" */;
			buildPhases = (
				CE6023C1AB159BC0E703F6B8 /* [CP] Check Pods Manifest.lock */,
				00E356EA1AD99517003FC87E /* Sources */,
				00E356EB1AD99517003FC87E /* Frameworks */,
				00E356EC1AD99517003FC87E /* Resources */,
				925EAB952CE2158E7972A954 /* [CP] Copy Pods Resources */,
			);
			buildRules = (
			);
			dependencies = (
				00E356F51AD99517003FC87E /* PBXTargetDependency */,
			);
			name = CAFAMTests;
			productName = CAFAMTests;
			productReference = 00E356EE1AD99517003FC87E /* CAFAMTests.xctest */;
			productType = "com.apple.product-type.bundle.unit-test";
		};
		13B07F861A680F5B00A75B9A /* CAFAM */ = {
			isa = PBXNativeTarget;
			buildConfigurationList = 13B07F931A680F5B00A75B9A /* Build configuration list for PBXNativeTarget "CAFAM" */;
			buildPhases = (
				7559E39326092AE88025FD2F /* [CP] Check Pods Manifest.lock */,
				FD10A7F022414F080027D42C /* Start Packager */,
				13B07F871A680F5B00A75B9A /* Sources */,
				13B07F8C1A680F5B00A75B9A /* Frameworks */,
				13B07F8E1A680F5B00A75B9A /* Resources */,
				00DD1BFF1BD5951E006B06BC /* Bundle React Native code and images */,
				B248566671438AE4D449B980 /* [CP] Copy Pods Resources */,
				7FCBE2D8F1C980B14C0FBFE6 /* [CP-User] [RNFB] Core Configuration */,
			);
			buildRules = (
			);
			dependencies = (
			);
			name = CAFAM;
			productName = CAFAM;
			productReference = 13B07F961A680F5B00A75B9A /* CAFAM.app */;
			productType = "com.apple.product-type.application";
		};
		2D02E47A1E0B4A5D006451C7 /* CAFAM-tvOS */ = {
			isa = PBXNativeTarget;
			buildConfigurationList = 2D02E4BA1E0B4A5E006451C7 /* Build configuration list for PBXNativeTarget "CAFAM-tvOS" */;
			buildPhases = (
				53E2BA87A73DE987E8B0F437 /* [CP] Check Pods Manifest.lock */,
				FD10A7F122414F3F0027D42C /* Start Packager */,
				2D02E4771E0B4A5D006451C7 /* Sources */,
				2D02E4781E0B4A5D006451C7 /* Frameworks */,
				2D02E4791E0B4A5D006451C7 /* Resources */,
				2D02E4CB1E0B4B27006451C7 /* Bundle React Native Code And Images */,
			);
			buildRules = (
			);
			dependencies = (
			);
			name = "CAFAM-tvOS";
			productName = "CAFAM-tvOS";
			productReference = 2D02E47B1E0B4A5D006451C7 /* CAFAM-tvOS.app */;
			productType = "com.apple.product-type.application";
		};
		2D02E48F1E0B4A5D006451C7 /* CAFAM-tvOSTests */ = {
			isa = PBXNativeTarget;
			buildConfigurationList = 2D02E4BB1E0B4A5E006451C7 /* Build configuration list for PBXNativeTarget "CAFAM-tvOSTests" */;
			buildPhases = (
				54D53DCD654B42FCF4EB7D9E /* [CP] Check Pods Manifest.lock */,
				2D02E48C1E0B4A5D006451C7 /* Sources */,
				2D02E48D1E0B4A5D006451C7 /* Frameworks */,
				2D02E48E1E0B4A5D006451C7 /* Resources */,
			);
			buildRules = (
			);
			dependencies = (
				2D02E4921E0B4A5D006451C7 /* PBXTargetDependency */,
			);
			name = "CAFAM-tvOSTests";
			productName = "CAFAM-tvOSTests";
			productReference = 2D02E4901E0B4A5D006451C7 /* CAFAM-tvOSTests.xctest */;
			productType = "com.apple.product-type.bundle.unit-test";
		};
/* End PBXNativeTarget section */

/* Begin PBXProject section */
		83CBB9F71A601CBA00E9B192 /* Project object */ = {
			isa = PBXProject;
			attributes = {
				LastUpgradeCheck = 1130;
				TargetAttributes = {
					00E356ED1AD99517003FC87E = {
						CreatedOnToolsVersion = 6.2;
						TestTargetID = 13B07F861A680F5B00A75B9A;
					};
					13B07F861A680F5B00A75B9A = {
						LastSwiftMigration = 1120;
					};
					2D02E47A1E0B4A5D006451C7 = {
						CreatedOnToolsVersion = 8.2.1;
						ProvisioningStyle = Automatic;
					};
					2D02E48F1E0B4A5D006451C7 = {
						CreatedOnToolsVersion = 8.2.1;
						ProvisioningStyle = Automatic;
						TestTargetID = 2D02E47A1E0B4A5D006451C7;
					};
				};
			};
			buildConfigurationList = 83CBB9FA1A601CBA00E9B192 /* Build configuration list for PBXProject "CAFAM" */;
			compatibilityVersion = "Xcode 3.2";
			developmentRegion = en;
			hasScannedForEncodings = 0;
			knownRegions = (
				en,
				Base,
			);
			mainGroup = 83CBB9F61A601CBA00E9B192;
			productRefGroup = 83CBBA001A601CBA00E9B192 /* Products */;
			projectDirPath = "";
			projectRoot = "";
			targets = (
				13B07F861A680F5B00A75B9A /* CAFAM */,
				00E356ED1AD99517003FC87E /* CAFAMTests */,
				2D02E47A1E0B4A5D006451C7 /* CAFAM-tvOS */,
				2D02E48F1E0B4A5D006451C7 /* CAFAM-tvOSTests */,
			);
		};
/* End PBXProject section */

/* Begin PBXResourcesBuildPhase section */
		00E356EC1AD99517003FC87E /* Resources */ = {
			isa = PBXResourcesBuildPhase;
			buildActionMask = 2147483647;
			files = (
			);
			runOnlyForDeploymentPostprocessing = 0;
		};
		13B07F8E1A680F5B00A75B9A /* Resources */ = {
			isa = PBXResourcesBuildPhase;
			buildActionMask = 2147483647;
			files = (
				D528E4FF24D8BCD20006587B /* Lato-Bold.ttf in Resources */,
				D528E4F924D8BC8D0006587B /* Merriweather-Black.ttf in Resources */,
				D528E4FA24D8BC8D0006587B /* Merriweather-BlackItalic.ttf in Resources */,
				D528E4FB24D8BC8D0006587B /* Merriweather-Bold.ttf in Resources */,
				D528E4FC24D8BC8D0006587B /* Merriweather-BoldItalic.ttf in Resources */,
				D528E4FD24D8BC8D0006587B /* Merriweather-Light.ttf in Resources */,
				D528E4FE24D8BC8D0006587B /* Merriweather-LightItalic.ttf in Resources */,
				D528E4F724D8BC740006587B /* Lato-Italic.ttf in Resources */,
				D528E4F624D8BC150006587B /* Lato-Regular.ttf in Resources */,
				13B07FBF1A68108700A75B9A /* Images.xcassets in Resources */,
				13B07FBD1A68108700A75B9A /* LaunchScreen.xib in Resources */,
				D5B2ABC524D895B70020BE4C /* GoogleService-Info.plist in Resources */,
			);
			runOnlyForDeploymentPostprocessing = 0;
		};
		2D02E4791E0B4A5D006451C7 /* Resources */ = {
			isa = PBXResourcesBuildPhase;
			buildActionMask = 2147483647;
			files = (
				2D02E4BD1E0B4A84006451C7 /* Images.xcassets in Resources */,
			);
			runOnlyForDeploymentPostprocessing = 0;
		};
		2D02E48E1E0B4A5D006451C7 /* Resources */ = {
			isa = PBXResourcesBuildPhase;
			buildActionMask = 2147483647;
			files = (
			);
			runOnlyForDeploymentPostprocessing = 0;
		};
/* End PBXResourcesBuildPhase section */

/* Begin PBXShellScriptBuildPhase section */
		00DD1BFF1BD5951E006B06BC /* Bundle React Native code and images */ = {
			isa = PBXShellScriptBuildPhase;
			buildActionMask = 2147483647;
			files = (
			);
			inputPaths = (
			);
			name = "Bundle React Native code and images";
			outputPaths = (
			);
			runOnlyForDeploymentPostprocessing = 0;
			shellPath = /bin/sh;
			shellScript = "export NODE_BINARY=node\n../node_modules/react-native/scripts/react-native-xcode.sh\n";
		};
		2D02E4CB1E0B4B27006451C7 /* Bundle React Native Code And Images */ = {
			isa = PBXShellScriptBuildPhase;
			buildActionMask = 2147483647;
			files = (
			);
			inputPaths = (
			);
			name = "Bundle React Native Code And Images";
			outputPaths = (
			);
			runOnlyForDeploymentPostprocessing = 0;
			shellPath = /bin/sh;
			shellScript = "export NODE_BINARY=node\n../node_modules/react-native/scripts/react-native-xcode.sh";
		};
		53E2BA87A73DE987E8B0F437 /* [CP] Check Pods Manifest.lock */ = {
			isa = PBXShellScriptBuildPhase;
			buildActionMask = 2147483647;
			files = (
			);
			inputFileListPaths = (
			);
			inputPaths = (
				"${PODS_PODFILE_DIR_PATH}/Podfile.lock",
				"${PODS_ROOT}/Manifest.lock",
			);
			name = "[CP] Check Pods Manifest.lock";
			outputFileListPaths = (
			);
			outputPaths = (
				"$(DERIVED_FILE_DIR)/Pods-CAFAM-tvOS-checkManifestLockResult.txt",
			);
			runOnlyForDeploymentPostprocessing = 0;
			shellPath = /bin/sh;
			shellScript = "diff \"${PODS_PODFILE_DIR_PATH}/Podfile.lock\" \"${PODS_ROOT}/Manifest.lock\" > /dev/null\nif [ $? != 0 ] ; then\n    # print error to STDERR\n    echo \"error: The sandbox is not in sync with the Podfile.lock. Run 'pod install' or update your CocoaPods installation.\" >&2\n    exit 1\nfi\n# This output is used by Xcode 'outputs' to avoid re-running this script phase.\necho \"SUCCESS\" > \"${SCRIPT_OUTPUT_FILE_0}\"\n";
			showEnvVarsInLog = 0;
		};
		54D53DCD654B42FCF4EB7D9E /* [CP] Check Pods Manifest.lock */ = {
			isa = PBXShellScriptBuildPhase;
			buildActionMask = 2147483647;
			files = (
			);
			inputFileListPaths = (
			);
			inputPaths = (
				"${PODS_PODFILE_DIR_PATH}/Podfile.lock",
				"${PODS_ROOT}/Manifest.lock",
			);
			name = "[CP] Check Pods Manifest.lock";
			outputFileListPaths = (
			);
			outputPaths = (
				"$(DERIVED_FILE_DIR)/Pods-CAFAM-tvOSTests-checkManifestLockResult.txt",
			);
			runOnlyForDeploymentPostprocessing = 0;
			shellPath = /bin/sh;
			shellScript = "diff \"${PODS_PODFILE_DIR_PATH}/Podfile.lock\" \"${PODS_ROOT}/Manifest.lock\" > /dev/null\nif [ $? != 0 ] ; then\n    # print error to STDERR\n    echo \"error: The sandbox is not in sync with the Podfile.lock. Run 'pod install' or update your CocoaPods installation.\" >&2\n    exit 1\nfi\n# This output is used by Xcode 'outputs' to avoid re-running this script phase.\necho \"SUCCESS\" > \"${SCRIPT_OUTPUT_FILE_0}\"\n";
			showEnvVarsInLog = 0;
		};
		7559E39326092AE88025FD2F /* [CP] Check Pods Manifest.lock */ = {
			isa = PBXShellScriptBuildPhase;
			buildActionMask = 2147483647;
			files = (
			);
			inputFileListPaths = (
			);
			inputPaths = (
				"${PODS_PODFILE_DIR_PATH}/Podfile.lock",
				"${PODS_ROOT}/Manifest.lock",
			);
			name = "[CP] Check Pods Manifest.lock";
			outputFileListPaths = (
			);
			outputPaths = (
				"$(DERIVED_FILE_DIR)/Pods-CAFAM-checkManifestLockResult.txt",
			);
			runOnlyForDeploymentPostprocessing = 0;
			shellPath = /bin/sh;
			shellScript = "diff \"${PODS_PODFILE_DIR_PATH}/Podfile.lock\" \"${PODS_ROOT}/Manifest.lock\" > /dev/null\nif [ $? != 0 ] ; then\n    # print error to STDERR\n    echo \"error: The sandbox is not in sync with the Podfile.lock. Run 'pod install' or update your CocoaPods installation.\" >&2\n    exit 1\nfi\n# This output is used by Xcode 'outputs' to avoid re-running this script phase.\necho \"SUCCESS\" > \"${SCRIPT_OUTPUT_FILE_0}\"\n";
			showEnvVarsInLog = 0;
		};
		7FCBE2D8F1C980B14C0FBFE6 /* [CP-User] [RNFB] Core Configuration */ = {
			isa = PBXShellScriptBuildPhase;
			buildActionMask = 2147483647;
			files = (
			);
			name = "[CP-User] [RNFB] Core Configuration";
			runOnlyForDeploymentPostprocessing = 0;
			shellPath = /bin/sh;
			shellScript = "#!/usr/bin/env bash\n#\n# Copyright (c) 2016-present Invertase Limited & Contributors\n#\n# Licensed under the Apache License, Version 2.0 (the \"License\");\n# you may not use this library except in compliance with the License.\n# You may obtain a copy of the License at\n#\n#   http://www.apache.org/licenses/LICENSE-2.0\n#\n# Unless required by applicable law or agreed to in writing, software\n# distributed under the License is distributed on an \"AS IS\" BASIS,\n# WITHOUT WARRANTIES OR CONDITIONS OF ANY KIND, either express or implied.\n# See the License for the specific language governing permissions and\n# limitations under the License.\n#\nset -e\n\n_MAX_LOOKUPS=2;\n_SEARCH_RESULT=''\n_RN_ROOT_EXISTS=''\n_CURRENT_LOOKUPS=1\n_JSON_ROOT=\"'react-native'\"\n_JSON_FILE_NAME='firebase.json'\n_JSON_OUTPUT_BASE64='e30=' # { }\n_CURRENT_SEARCH_DIR=${PROJECT_DIR}\n_PLIST_BUDDY=/usr/libexec/PlistBuddy\n_TARGET_PLIST=\"${BUILT_PRODUCTS_DIR}/${INFOPLIST_PATH}\"\n_DSYM_PLIST=\"${DWARF_DSYM_FOLDER_PATH}/${DWARF_DSYM_FILE_NAME}/Contents/Info.plist\"\n\n# plist arrays\n_PLIST_ENTRY_KEYS=()\n_PLIST_ENTRY_TYPES=()\n_PLIST_ENTRY_VALUES=()\n\nfunction setPlistValue {\n  echo \"info:      setting plist entry '$1' of type '$2' in file '$4'\"\n  ${_PLIST_BUDDY} -c \"Add :$1 $2 '$3'\" $4 || echo \"info:      '$1' already exists\"\n}\n\nfunction getFirebaseJsonKeyValue () {\n  if [[ ${_RN_ROOT_EXISTS} ]]; then\n    ruby -e \"require 'rubygems';require 'json'; output=JSON.parse('$1'); puts output[$_JSON_ROOT]['$2']\"\n  else\n    echo \"\"\n  fi;\n}\n\nfunction jsonBoolToYesNo () {\n  if [[ $1 == \"false\" ]]; then\n    echo \"NO\"\n  elif [[ $1 == \"true\" ]]; then\n    echo \"YES\"\n  else echo \"NO\"\n  fi\n}\n\necho \"info: -> RNFB build script started\"\necho \"info: 1) Locating ${_JSON_FILE_NAME} file:\"\n\nif [[ -z ${_CURRENT_SEARCH_DIR} ]]; then\n  _CURRENT_SEARCH_DIR=$(pwd)\nfi;\n\nwhile true; do\n  _CURRENT_SEARCH_DIR=$(dirname \"$_CURRENT_SEARCH_DIR\")\n  if [[ \"$_CURRENT_SEARCH_DIR\" == \"/\" ]] || [[ ${_CURRENT_LOOKUPS} -gt ${_MAX_LOOKUPS} ]]; then break; fi;\n  echo \"info:      ($_CURRENT_LOOKUPS of $_MAX_LOOKUPS) Searching in '$_CURRENT_SEARCH_DIR' for a ${_JSON_FILE_NAME} file.\"\n  _SEARCH_RESULT=$(find \"$_CURRENT_SEARCH_DIR\" -maxdepth 2 -name ${_JSON_FILE_NAME} -print | head -n 1)\n  if [[ ${_SEARCH_RESULT} ]]; then\n    echo \"info:      ${_JSON_FILE_NAME} found at $_SEARCH_RESULT\"\n    break;\n  fi;\n  _CURRENT_LOOKUPS=$((_CURRENT_LOOKUPS+1))\ndone\n\nif [[ ${_SEARCH_RESULT} ]]; then\n  _JSON_OUTPUT_RAW=$(cat \"${_SEARCH_RESULT}\")\n  _RN_ROOT_EXISTS=$(ruby -e \"require 'rubygems';require 'json'; output=JSON.parse('$_JSON_OUTPUT_RAW'); puts output[$_JSON_ROOT]\" || echo '')\n\n  if [[ ${_RN_ROOT_EXISTS} ]]; then\n    _JSON_OUTPUT_BASE64=$(python -c 'import json,sys,base64;print(base64.b64encode(json.dumps(json.loads(open('\"'${_SEARCH_RESULT}'\"').read())['${_JSON_ROOT}'])))' || echo \"e30=\")\n  fi\n\n  _PLIST_ENTRY_KEYS+=(\"firebase_json_raw\")\n  _PLIST_ENTRY_TYPES+=(\"string\")\n  _PLIST_ENTRY_VALUES+=(\"$_JSON_OUTPUT_BASE64\")\n\n  # config.messaging_auto_init_enabled\n  _MESSAGING_AUTO_INIT=$(getFirebaseJsonKeyValue \"$_JSON_OUTPUT_RAW\" \"messaging_auto_init_enabled\")\n  if [[ $_MESSAGING_AUTO_INIT ]]; then\n    _PLIST_ENTRY_KEYS+=(\"FirebaseMessagingAutoInitEnabled\")\n    _PLIST_ENTRY_TYPES+=(\"bool\")\n    _PLIST_ENTRY_VALUES+=(\"$(jsonBoolToYesNo \"$_MESSAGING_AUTO_INIT\")\")\n  fi\n\n  # config.crashlytics_disable_auto_disabler - undocumented for now - mainly for debugging, document if becomes usful\n  _CRASHLYTICS_AUTO_DISABLE_ENABLED=$(getFirebaseJsonKeyValue \"$_JSON_OUTPUT_RAW\" \"crashlytics_disable_auto_disabler\")\n  if [[ $_CRASHLYTICS_AUTO_DISABLE_ENABLED == \"true\" ]]; then\n    echo \"Disabled Crashlytics auto disabler.\" # do nothing\n  else\n    _PLIST_ENTRY_KEYS+=(\"FirebaseCrashlyticsCollectionEnabled\")\n    _PLIST_ENTRY_TYPES+=(\"bool\")\n    _PLIST_ENTRY_VALUES+=(\"NO\")\n  fi\n\n  # config.admob_delay_app_measurement_init\n  _ADMOB_DELAY_APP_MEASUREMENT=$(getFirebaseJsonKeyValue \"$_JSON_OUTPUT_RAW\" \"admob_delay_app_measurement_init\")\n  if [[ $_ADMOB_DELAY_APP_MEASUREMENT == \"true\" ]]; then\n    _PLIST_ENTRY_KEYS+=(\"GADDelayAppMeasurementInit\")\n    _PLIST_ENTRY_TYPES+=(\"bool\")\n    _PLIST_ENTRY_VALUES+=(\"YES\")\n  fi\n\n  # config.admob_ios_app_id\n  _ADMOB_IOS_APP_ID=$(getFirebaseJsonKeyValue \"$_JSON_OUTPUT_RAW\" \"admob_ios_app_id\")\n  if [[ $_ADMOB_IOS_APP_ID ]]; then\n    _PLIST_ENTRY_KEYS+=(\"GADApplicationIdentifier\")\n    _PLIST_ENTRY_TYPES+=(\"string\")\n    _PLIST_ENTRY_VALUES+=(\"$_ADMOB_IOS_APP_ID\")\n  fi\nelse\n  _PLIST_ENTRY_KEYS+=(\"firebase_json_raw\")\n  _PLIST_ENTRY_TYPES+=(\"string\")\n  _PLIST_ENTRY_VALUES+=(\"$_JSON_OUTPUT_BASE64\")\n  echo \"warning:   A firebase.json file was not found, whilst this file is optional it is recommended to include it to configure firebase services in React Native Firebase.\"\nfi;\n\necho \"info: 2) Injecting Info.plist entries: \"\n\n# Log out the keys we're adding\nfor i in \"${!_PLIST_ENTRY_KEYS[@]}\"; do\n  echo \"    ->  $i) ${_PLIST_ENTRY_KEYS[$i]}\" \"${_PLIST_ENTRY_TYPES[$i]}\" \"${_PLIST_ENTRY_VALUES[$i]}\"\ndone\n\nfor plist in \"${_TARGET_PLIST}\" \"${_DSYM_PLIST}\" ; do\n  if [[ -f \"${plist}\" ]]; then\n\n    # paths with spaces break the call to setPlistValue. temporarily modify\n    # the shell internal field separator variable (IFS), which normally \n    # includes spaces, to consist only of line breaks\n    oldifs=$IFS\n    IFS=\"\n\"\n\n    for i in \"${!_PLIST_ENTRY_KEYS[@]}\"; do\n      setPlistValue \"${_PLIST_ENTRY_KEYS[$i]}\" \"${_PLIST_ENTRY_TYPES[$i]}\" \"${_PLIST_ENTRY_VALUES[$i]}\" \"${plist}\"\n    done\n\n    # restore the original internal field separator value\n    IFS=$oldifs\n  else\n    echo \"warning:   A Info.plist build output file was not found (${plist})\"\n  fi\ndone\n\necho \"info: <- RNFB build script finished\"\n\n";
		};
		925EAB952CE2158E7972A954 /* [CP] Copy Pods Resources */ = {
			isa = PBXShellScriptBuildPhase;
			buildActionMask = 2147483647;
			files = (
			);
			inputPaths = (
				"${PODS_ROOT}/Target Support Files/Pods-CAFAM-CAFAMTests/Pods-CAFAM-CAFAMTests-resources.sh",
				"${PODS_ROOT}/Paystack/Paystack/Resources/Images/pstck_card_amex.png",
				"${PODS_ROOT}/Paystack/Paystack/Resources/Images/pstck_card_amex@2x.png",
				"${PODS_ROOT}/Paystack/Paystack/Resources/Images/pstck_card_amex@3x.png",
				"${PODS_ROOT}/Paystack/Paystack/Resources/Images/pstck_card_cvc.png",
				"${PODS_ROOT}/Paystack/Paystack/Resources/Images/pstck_card_cvc@2x.png",
				"${PODS_ROOT}/Paystack/Paystack/Resources/Images/pstck_card_cvc@3x.png",
				"${PODS_ROOT}/Paystack/Paystack/Resources/Images/pstck_card_cvc_amex.png",
				"${PODS_ROOT}/Paystack/Paystack/Resources/Images/pstck_card_cvc_amex@2x.png",
				"${PODS_ROOT}/Paystack/Paystack/Resources/Images/pstck_card_cvc_amex@3x.png",
				"${PODS_ROOT}/Paystack/Paystack/Resources/Images/pstck_card_diners.png",
				"${PODS_ROOT}/Paystack/Paystack/Resources/Images/pstck_card_diners@2x.png",
				"${PODS_ROOT}/Paystack/Paystack/Resources/Images/pstck_card_diners@3x.png",
				"${PODS_ROOT}/Paystack/Paystack/Resources/Images/pstck_card_discover.png",
				"${PODS_ROOT}/Paystack/Paystack/Resources/Images/pstck_card_discover@2x.png",
				"${PODS_ROOT}/Paystack/Paystack/Resources/Images/pstck_card_discover@3x.png",
				"${PODS_ROOT}/Paystack/Paystack/Resources/Images/pstck_card_jcb.png",
				"${PODS_ROOT}/Paystack/Paystack/Resources/Images/pstck_card_jcb@2x.png",
				"${PODS_ROOT}/Paystack/Paystack/Resources/Images/pstck_card_jcb@3x.png",
				"${PODS_ROOT}/Paystack/Paystack/Resources/Images/pstck_card_mastercard.png",
				"${PODS_ROOT}/Paystack/Paystack/Resources/Images/pstck_card_mastercard@2x.png",
				"${PODS_ROOT}/Paystack/Paystack/Resources/Images/pstck_card_mastercard@3x.png",
				"${PODS_ROOT}/Paystack/Paystack/Resources/Images/pstck_card_placeholder.png",
				"${PODS_ROOT}/Paystack/Paystack/Resources/Images/pstck_card_placeholder@2x.png",
				"${PODS_ROOT}/Paystack/Paystack/Resources/Images/pstck_card_placeholder@3x.png",
				"${PODS_ROOT}/Paystack/Paystack/Resources/Images/pstck_card_placeholder_template.png",
				"${PODS_ROOT}/Paystack/Paystack/Resources/Images/pstck_card_placeholder_template@2x.png",
				"${PODS_ROOT}/Paystack/Paystack/Resources/Images/pstck_card_placeholder_template@3x.png",
				"${PODS_ROOT}/Paystack/Paystack/Resources/Images/pstck_card_verve.png",
				"${PODS_ROOT}/Paystack/Paystack/Resources/Images/pstck_card_verve@2x.png",
				"${PODS_ROOT}/Paystack/Paystack/Resources/Images/pstck_card_verve@3x.png",
				"${PODS_ROOT}/Paystack/Paystack/Resources/Images/pstck_card_visa.png",
				"${PODS_ROOT}/Paystack/Paystack/Resources/Images/pstck_card_visa@2x.png",
				"${PODS_ROOT}/Paystack/Paystack/Resources/Images/pstck_card_visa@3x.png",
				"${PODS_ROOT}/Paystack/Paystack/Resources/Images",
				"${PODS_CONFIGURATION_BUILD_DIR}/RNImageCropPicker/QBImagePicker.bundle",
				"${PODS_ROOT}/../../node_modules/react-native-vector-icons/Fonts/AntDesign.ttf",
				"${PODS_ROOT}/../../node_modules/react-native-vector-icons/Fonts/Entypo.ttf",
				"${PODS_ROOT}/../../node_modules/react-native-vector-icons/Fonts/EvilIcons.ttf",
				"${PODS_ROOT}/../../node_modules/react-native-vector-icons/Fonts/Feather.ttf",
				"${PODS_ROOT}/../../node_modules/react-native-vector-icons/Fonts/FontAwesome.ttf",
				"${PODS_ROOT}/../../node_modules/react-native-vector-icons/Fonts/FontAwesome5_Brands.ttf",
				"${PODS_ROOT}/../../node_modules/react-native-vector-icons/Fonts/FontAwesome5_Regular.ttf",
				"${PODS_ROOT}/../../node_modules/react-native-vector-icons/Fonts/FontAwesome5_Solid.ttf",
				"${PODS_ROOT}/../../node_modules/react-native-vector-icons/Fonts/Fontisto.ttf",
				"${PODS_ROOT}/../../node_modules/react-native-vector-icons/Fonts/Foundation.ttf",
				"${PODS_ROOT}/../../node_modules/react-native-vector-icons/Fonts/Ionicons.ttf",
				"${PODS_ROOT}/../../node_modules/react-native-vector-icons/Fonts/MaterialCommunityIcons.ttf",
				"${PODS_ROOT}/../../node_modules/react-native-vector-icons/Fonts/MaterialIcons.ttf",
				"${PODS_ROOT}/../../node_modules/react-native-vector-icons/Fonts/Octicons.ttf",
				"${PODS_ROOT}/../../node_modules/react-native-vector-icons/Fonts/SimpleLineIcons.ttf",
				"${PODS_ROOT}/../../node_modules/react-native-vector-icons/Fonts/Zocial.ttf",
				"${PODS_CONFIGURATION_BUILD_DIR}/TOCropViewController/TOCropViewControllerBundle.bundle",
			);
			name = "[CP] Copy Pods Resources";
			outputPaths = (
				"${TARGET_BUILD_DIR}/${UNLOCALIZED_RESOURCES_FOLDER_PATH}/pstck_card_amex.png",
				"${TARGET_BUILD_DIR}/${UNLOCALIZED_RESOURCES_FOLDER_PATH}/pstck_card_amex@2x.png",
				"${TARGET_BUILD_DIR}/${UNLOCALIZED_RESOURCES_FOLDER_PATH}/pstck_card_amex@3x.png",
				"${TARGET_BUILD_DIR}/${UNLOCALIZED_RESOURCES_FOLDER_PATH}/pstck_card_cvc.png",
				"${TARGET_BUILD_DIR}/${UNLOCALIZED_RESOURCES_FOLDER_PATH}/pstck_card_cvc@2x.png",
				"${TARGET_BUILD_DIR}/${UNLOCALIZED_RESOURCES_FOLDER_PATH}/pstck_card_cvc@3x.png",
				"${TARGET_BUILD_DIR}/${UNLOCALIZED_RESOURCES_FOLDER_PATH}/pstck_card_cvc_amex.png",
				"${TARGET_BUILD_DIR}/${UNLOCALIZED_RESOURCES_FOLDER_PATH}/pstck_card_cvc_amex@2x.png",
				"${TARGET_BUILD_DIR}/${UNLOCALIZED_RESOURCES_FOLDER_PATH}/pstck_card_cvc_amex@3x.png",
				"${TARGET_BUILD_DIR}/${UNLOCALIZED_RESOURCES_FOLDER_PATH}/pstck_card_diners.png",
				"${TARGET_BUILD_DIR}/${UNLOCALIZED_RESOURCES_FOLDER_PATH}/pstck_card_diners@2x.png",
				"${TARGET_BUILD_DIR}/${UNLOCALIZED_RESOURCES_FOLDER_PATH}/pstck_card_diners@3x.png",
				"${TARGET_BUILD_DIR}/${UNLOCALIZED_RESOURCES_FOLDER_PATH}/pstck_card_discover.png",
				"${TARGET_BUILD_DIR}/${UNLOCALIZED_RESOURCES_FOLDER_PATH}/pstck_card_discover@2x.png",
				"${TARGET_BUILD_DIR}/${UNLOCALIZED_RESOURCES_FOLDER_PATH}/pstck_card_discover@3x.png",
				"${TARGET_BUILD_DIR}/${UNLOCALIZED_RESOURCES_FOLDER_PATH}/pstck_card_jcb.png",
				"${TARGET_BUILD_DIR}/${UNLOCALIZED_RESOURCES_FOLDER_PATH}/pstck_card_jcb@2x.png",
				"${TARGET_BUILD_DIR}/${UNLOCALIZED_RESOURCES_FOLDER_PATH}/pstck_card_jcb@3x.png",
				"${TARGET_BUILD_DIR}/${UNLOCALIZED_RESOURCES_FOLDER_PATH}/pstck_card_mastercard.png",
				"${TARGET_BUILD_DIR}/${UNLOCALIZED_RESOURCES_FOLDER_PATH}/pstck_card_mastercard@2x.png",
				"${TARGET_BUILD_DIR}/${UNLOCALIZED_RESOURCES_FOLDER_PATH}/pstck_card_mastercard@3x.png",
				"${TARGET_BUILD_DIR}/${UNLOCALIZED_RESOURCES_FOLDER_PATH}/pstck_card_placeholder.png",
				"${TARGET_BUILD_DIR}/${UNLOCALIZED_RESOURCES_FOLDER_PATH}/pstck_card_placeholder@2x.png",
				"${TARGET_BUILD_DIR}/${UNLOCALIZED_RESOURCES_FOLDER_PATH}/pstck_card_placeholder@3x.png",
				"${TARGET_BUILD_DIR}/${UNLOCALIZED_RESOURCES_FOLDER_PATH}/pstck_card_placeholder_template.png",
				"${TARGET_BUILD_DIR}/${UNLOCALIZED_RESOURCES_FOLDER_PATH}/pstck_card_placeholder_template@2x.png",
				"${TARGET_BUILD_DIR}/${UNLOCALIZED_RESOURCES_FOLDER_PATH}/pstck_card_placeholder_template@3x.png",
				"${TARGET_BUILD_DIR}/${UNLOCALIZED_RESOURCES_FOLDER_PATH}/pstck_card_verve.png",
				"${TARGET_BUILD_DIR}/${UNLOCALIZED_RESOURCES_FOLDER_PATH}/pstck_card_verve@2x.png",
				"${TARGET_BUILD_DIR}/${UNLOCALIZED_RESOURCES_FOLDER_PATH}/pstck_card_verve@3x.png",
				"${TARGET_BUILD_DIR}/${UNLOCALIZED_RESOURCES_FOLDER_PATH}/pstck_card_visa.png",
				"${TARGET_BUILD_DIR}/${UNLOCALIZED_RESOURCES_FOLDER_PATH}/pstck_card_visa@2x.png",
				"${TARGET_BUILD_DIR}/${UNLOCALIZED_RESOURCES_FOLDER_PATH}/pstck_card_visa@3x.png",
				"${TARGET_BUILD_DIR}/${UNLOCALIZED_RESOURCES_FOLDER_PATH}/Images",
				"${TARGET_BUILD_DIR}/${UNLOCALIZED_RESOURCES_FOLDER_PATH}/QBImagePicker.bundle",
				"${TARGET_BUILD_DIR}/${UNLOCALIZED_RESOURCES_FOLDER_PATH}/AntDesign.ttf",
				"${TARGET_BUILD_DIR}/${UNLOCALIZED_RESOURCES_FOLDER_PATH}/Entypo.ttf",
				"${TARGET_BUILD_DIR}/${UNLOCALIZED_RESOURCES_FOLDER_PATH}/EvilIcons.ttf",
				"${TARGET_BUILD_DIR}/${UNLOCALIZED_RESOURCES_FOLDER_PATH}/Feather.ttf",
				"${TARGET_BUILD_DIR}/${UNLOCALIZED_RESOURCES_FOLDER_PATH}/FontAwesome.ttf",
				"${TARGET_BUILD_DIR}/${UNLOCALIZED_RESOURCES_FOLDER_PATH}/FontAwesome5_Brands.ttf",
				"${TARGET_BUILD_DIR}/${UNLOCALIZED_RESOURCES_FOLDER_PATH}/FontAwesome5_Regular.ttf",
				"${TARGET_BUILD_DIR}/${UNLOCALIZED_RESOURCES_FOLDER_PATH}/FontAwesome5_Solid.ttf",
				"${TARGET_BUILD_DIR}/${UNLOCALIZED_RESOURCES_FOLDER_PATH}/Fontisto.ttf",
				"${TARGET_BUILD_DIR}/${UNLOCALIZED_RESOURCES_FOLDER_PATH}/Foundation.ttf",
				"${TARGET_BUILD_DIR}/${UNLOCALIZED_RESOURCES_FOLDER_PATH}/Ionicons.ttf",
				"${TARGET_BUILD_DIR}/${UNLOCALIZED_RESOURCES_FOLDER_PATH}/MaterialCommunityIcons.ttf",
				"${TARGET_BUILD_DIR}/${UNLOCALIZED_RESOURCES_FOLDER_PATH}/MaterialIcons.ttf",
				"${TARGET_BUILD_DIR}/${UNLOCALIZED_RESOURCES_FOLDER_PATH}/Octicons.ttf",
				"${TARGET_BUILD_DIR}/${UNLOCALIZED_RESOURCES_FOLDER_PATH}/SimpleLineIcons.ttf",
				"${TARGET_BUILD_DIR}/${UNLOCALIZED_RESOURCES_FOLDER_PATH}/Zocial.ttf",
				"${TARGET_BUILD_DIR}/${UNLOCALIZED_RESOURCES_FOLDER_PATH}/TOCropViewControllerBundle.bundle",
			);
			runOnlyForDeploymentPostprocessing = 0;
			shellPath = /bin/sh;
			shellScript = "\"${PODS_ROOT}/Target Support Files/Pods-CAFAM-CAFAMTests/Pods-CAFAM-CAFAMTests-resources.sh\"\n";
			showEnvVarsInLog = 0;
		};
		B248566671438AE4D449B980 /* [CP] Copy Pods Resources */ = {
			isa = PBXShellScriptBuildPhase;
			buildActionMask = 2147483647;
			files = (
			);
			inputPaths = (
				"${PODS_ROOT}/Target Support Files/Pods-CAFAM/Pods-CAFAM-resources.sh",
				"${PODS_ROOT}/Paystack/Paystack/Resources/Images/pstck_card_amex.png",
				"${PODS_ROOT}/Paystack/Paystack/Resources/Images/pstck_card_amex@2x.png",
				"${PODS_ROOT}/Paystack/Paystack/Resources/Images/pstck_card_amex@3x.png",
				"${PODS_ROOT}/Paystack/Paystack/Resources/Images/pstck_card_cvc.png",
				"${PODS_ROOT}/Paystack/Paystack/Resources/Images/pstck_card_cvc@2x.png",
				"${PODS_ROOT}/Paystack/Paystack/Resources/Images/pstck_card_cvc@3x.png",
				"${PODS_ROOT}/Paystack/Paystack/Resources/Images/pstck_card_cvc_amex.png",
				"${PODS_ROOT}/Paystack/Paystack/Resources/Images/pstck_card_cvc_amex@2x.png",
				"${PODS_ROOT}/Paystack/Paystack/Resources/Images/pstck_card_cvc_amex@3x.png",
				"${PODS_ROOT}/Paystack/Paystack/Resources/Images/pstck_card_diners.png",
				"${PODS_ROOT}/Paystack/Paystack/Resources/Images/pstck_card_diners@2x.png",
				"${PODS_ROOT}/Paystack/Paystack/Resources/Images/pstck_card_diners@3x.png",
				"${PODS_ROOT}/Paystack/Paystack/Resources/Images/pstck_card_discover.png",
				"${PODS_ROOT}/Paystack/Paystack/Resources/Images/pstck_card_discover@2x.png",
				"${PODS_ROOT}/Paystack/Paystack/Resources/Images/pstck_card_discover@3x.png",
				"${PODS_ROOT}/Paystack/Paystack/Resources/Images/pstck_card_jcb.png",
				"${PODS_ROOT}/Paystack/Paystack/Resources/Images/pstck_card_jcb@2x.png",
				"${PODS_ROOT}/Paystack/Paystack/Resources/Images/pstck_card_jcb@3x.png",
				"${PODS_ROOT}/Paystack/Paystack/Resources/Images/pstck_card_mastercard.png",
				"${PODS_ROOT}/Paystack/Paystack/Resources/Images/pstck_card_mastercard@2x.png",
				"${PODS_ROOT}/Paystack/Paystack/Resources/Images/pstck_card_mastercard@3x.png",
				"${PODS_ROOT}/Paystack/Paystack/Resources/Images/pstck_card_placeholder.png",
				"${PODS_ROOT}/Paystack/Paystack/Resources/Images/pstck_card_placeholder@2x.png",
				"${PODS_ROOT}/Paystack/Paystack/Resources/Images/pstck_card_placeholder@3x.png",
				"${PODS_ROOT}/Paystack/Paystack/Resources/Images/pstck_card_placeholder_template.png",
				"${PODS_ROOT}/Paystack/Paystack/Resources/Images/pstck_card_placeholder_template@2x.png",
				"${PODS_ROOT}/Paystack/Paystack/Resources/Images/pstck_card_placeholder_template@3x.png",
				"${PODS_ROOT}/Paystack/Paystack/Resources/Images/pstck_card_verve.png",
				"${PODS_ROOT}/Paystack/Paystack/Resources/Images/pstck_card_verve@2x.png",
				"${PODS_ROOT}/Paystack/Paystack/Resources/Images/pstck_card_verve@3x.png",
				"${PODS_ROOT}/Paystack/Paystack/Resources/Images/pstck_card_visa.png",
				"${PODS_ROOT}/Paystack/Paystack/Resources/Images/pstck_card_visa@2x.png",
				"${PODS_ROOT}/Paystack/Paystack/Resources/Images/pstck_card_visa@3x.png",
				"${PODS_ROOT}/Paystack/Paystack/Resources/Images",
				"${PODS_CONFIGURATION_BUILD_DIR}/RNImageCropPicker/QBImagePicker.bundle",
				"${PODS_ROOT}/../../node_modules/react-native-vector-icons/Fonts/AntDesign.ttf",
				"${PODS_ROOT}/../../node_modules/react-native-vector-icons/Fonts/Entypo.ttf",
				"${PODS_ROOT}/../../node_modules/react-native-vector-icons/Fonts/EvilIcons.ttf",
				"${PODS_ROOT}/../../node_modules/react-native-vector-icons/Fonts/Feather.ttf",
				"${PODS_ROOT}/../../node_modules/react-native-vector-icons/Fonts/FontAwesome.ttf",
				"${PODS_ROOT}/../../node_modules/react-native-vector-icons/Fonts/FontAwesome5_Brands.ttf",
				"${PODS_ROOT}/../../node_modules/react-native-vector-icons/Fonts/FontAwesome5_Regular.ttf",
				"${PODS_ROOT}/../../node_modules/react-native-vector-icons/Fonts/FontAwesome5_Solid.ttf",
				"${PODS_ROOT}/../../node_modules/react-native-vector-icons/Fonts/Fontisto.ttf",
				"${PODS_ROOT}/../../node_modules/react-native-vector-icons/Fonts/Foundation.ttf",
				"${PODS_ROOT}/../../node_modules/react-native-vector-icons/Fonts/Ionicons.ttf",
				"${PODS_ROOT}/../../node_modules/react-native-vector-icons/Fonts/MaterialCommunityIcons.ttf",
				"${PODS_ROOT}/../../node_modules/react-native-vector-icons/Fonts/MaterialIcons.ttf",
				"${PODS_ROOT}/../../node_modules/react-native-vector-icons/Fonts/Octicons.ttf",
				"${PODS_ROOT}/../../node_modules/react-native-vector-icons/Fonts/SimpleLineIcons.ttf",
				"${PODS_ROOT}/../../node_modules/react-native-vector-icons/Fonts/Zocial.ttf",
				"${PODS_CONFIGURATION_BUILD_DIR}/TOCropViewController/TOCropViewControllerBundle.bundle",
			);
			name = "[CP] Copy Pods Resources";
			outputPaths = (
				"${TARGET_BUILD_DIR}/${UNLOCALIZED_RESOURCES_FOLDER_PATH}/pstck_card_amex.png",
				"${TARGET_BUILD_DIR}/${UNLOCALIZED_RESOURCES_FOLDER_PATH}/pstck_card_amex@2x.png",
				"${TARGET_BUILD_DIR}/${UNLOCALIZED_RESOURCES_FOLDER_PATH}/pstck_card_amex@3x.png",
				"${TARGET_BUILD_DIR}/${UNLOCALIZED_RESOURCES_FOLDER_PATH}/pstck_card_cvc.png",
				"${TARGET_BUILD_DIR}/${UNLOCALIZED_RESOURCES_FOLDER_PATH}/pstck_card_cvc@2x.png",
				"${TARGET_BUILD_DIR}/${UNLOCALIZED_RESOURCES_FOLDER_PATH}/pstck_card_cvc@3x.png",
				"${TARGET_BUILD_DIR}/${UNLOCALIZED_RESOURCES_FOLDER_PATH}/pstck_card_cvc_amex.png",
				"${TARGET_BUILD_DIR}/${UNLOCALIZED_RESOURCES_FOLDER_PATH}/pstck_card_cvc_amex@2x.png",
				"${TARGET_BUILD_DIR}/${UNLOCALIZED_RESOURCES_FOLDER_PATH}/pstck_card_cvc_amex@3x.png",
				"${TARGET_BUILD_DIR}/${UNLOCALIZED_RESOURCES_FOLDER_PATH}/pstck_card_diners.png",
				"${TARGET_BUILD_DIR}/${UNLOCALIZED_RESOURCES_FOLDER_PATH}/pstck_card_diners@2x.png",
				"${TARGET_BUILD_DIR}/${UNLOCALIZED_RESOURCES_FOLDER_PATH}/pstck_card_diners@3x.png",
				"${TARGET_BUILD_DIR}/${UNLOCALIZED_RESOURCES_FOLDER_PATH}/pstck_card_discover.png",
				"${TARGET_BUILD_DIR}/${UNLOCALIZED_RESOURCES_FOLDER_PATH}/pstck_card_discover@2x.png",
				"${TARGET_BUILD_DIR}/${UNLOCALIZED_RESOURCES_FOLDER_PATH}/pstck_card_discover@3x.png",
				"${TARGET_BUILD_DIR}/${UNLOCALIZED_RESOURCES_FOLDER_PATH}/pstck_card_jcb.png",
				"${TARGET_BUILD_DIR}/${UNLOCALIZED_RESOURCES_FOLDER_PATH}/pstck_card_jcb@2x.png",
				"${TARGET_BUILD_DIR}/${UNLOCALIZED_RESOURCES_FOLDER_PATH}/pstck_card_jcb@3x.png",
				"${TARGET_BUILD_DIR}/${UNLOCALIZED_RESOURCES_FOLDER_PATH}/pstck_card_mastercard.png",
				"${TARGET_BUILD_DIR}/${UNLOCALIZED_RESOURCES_FOLDER_PATH}/pstck_card_mastercard@2x.png",
				"${TARGET_BUILD_DIR}/${UNLOCALIZED_RESOURCES_FOLDER_PATH}/pstck_card_mastercard@3x.png",
				"${TARGET_BUILD_DIR}/${UNLOCALIZED_RESOURCES_FOLDER_PATH}/pstck_card_placeholder.png",
				"${TARGET_BUILD_DIR}/${UNLOCALIZED_RESOURCES_FOLDER_PATH}/pstck_card_placeholder@2x.png",
				"${TARGET_BUILD_DIR}/${UNLOCALIZED_RESOURCES_FOLDER_PATH}/pstck_card_placeholder@3x.png",
				"${TARGET_BUILD_DIR}/${UNLOCALIZED_RESOURCES_FOLDER_PATH}/pstck_card_placeholder_template.png",
				"${TARGET_BUILD_DIR}/${UNLOCALIZED_RESOURCES_FOLDER_PATH}/pstck_card_placeholder_template@2x.png",
				"${TARGET_BUILD_DIR}/${UNLOCALIZED_RESOURCES_FOLDER_PATH}/pstck_card_placeholder_template@3x.png",
				"${TARGET_BUILD_DIR}/${UNLOCALIZED_RESOURCES_FOLDER_PATH}/pstck_card_verve.png",
				"${TARGET_BUILD_DIR}/${UNLOCALIZED_RESOURCES_FOLDER_PATH}/pstck_card_verve@2x.png",
				"${TARGET_BUILD_DIR}/${UNLOCALIZED_RESOURCES_FOLDER_PATH}/pstck_card_verve@3x.png",
				"${TARGET_BUILD_DIR}/${UNLOCALIZED_RESOURCES_FOLDER_PATH}/pstck_card_visa.png",
				"${TARGET_BUILD_DIR}/${UNLOCALIZED_RESOURCES_FOLDER_PATH}/pstck_card_visa@2x.png",
				"${TARGET_BUILD_DIR}/${UNLOCALIZED_RESOURCES_FOLDER_PATH}/pstck_card_visa@3x.png",
				"${TARGET_BUILD_DIR}/${UNLOCALIZED_RESOURCES_FOLDER_PATH}/Images",
				"${TARGET_BUILD_DIR}/${UNLOCALIZED_RESOURCES_FOLDER_PATH}/QBImagePicker.bundle",
				"${TARGET_BUILD_DIR}/${UNLOCALIZED_RESOURCES_FOLDER_PATH}/AntDesign.ttf",
				"${TARGET_BUILD_DIR}/${UNLOCALIZED_RESOURCES_FOLDER_PATH}/Entypo.ttf",
				"${TARGET_BUILD_DIR}/${UNLOCALIZED_RESOURCES_FOLDER_PATH}/EvilIcons.ttf",
				"${TARGET_BUILD_DIR}/${UNLOCALIZED_RESOURCES_FOLDER_PATH}/Feather.ttf",
				"${TARGET_BUILD_DIR}/${UNLOCALIZED_RESOURCES_FOLDER_PATH}/FontAwesome.ttf",
				"${TARGET_BUILD_DIR}/${UNLOCALIZED_RESOURCES_FOLDER_PATH}/FontAwesome5_Brands.ttf",
				"${TARGET_BUILD_DIR}/${UNLOCALIZED_RESOURCES_FOLDER_PATH}/FontAwesome5_Regular.ttf",
				"${TARGET_BUILD_DIR}/${UNLOCALIZED_RESOURCES_FOLDER_PATH}/FontAwesome5_Solid.ttf",
				"${TARGET_BUILD_DIR}/${UNLOCALIZED_RESOURCES_FOLDER_PATH}/Fontisto.ttf",
				"${TARGET_BUILD_DIR}/${UNLOCALIZED_RESOURCES_FOLDER_PATH}/Foundation.ttf",
				"${TARGET_BUILD_DIR}/${UNLOCALIZED_RESOURCES_FOLDER_PATH}/Ionicons.ttf",
				"${TARGET_BUILD_DIR}/${UNLOCALIZED_RESOURCES_FOLDER_PATH}/MaterialCommunityIcons.ttf",
				"${TARGET_BUILD_DIR}/${UNLOCALIZED_RESOURCES_FOLDER_PATH}/MaterialIcons.ttf",
				"${TARGET_BUILD_DIR}/${UNLOCALIZED_RESOURCES_FOLDER_PATH}/Octicons.ttf",
				"${TARGET_BUILD_DIR}/${UNLOCALIZED_RESOURCES_FOLDER_PATH}/SimpleLineIcons.ttf",
				"${TARGET_BUILD_DIR}/${UNLOCALIZED_RESOURCES_FOLDER_PATH}/Zocial.ttf",
				"${TARGET_BUILD_DIR}/${UNLOCALIZED_RESOURCES_FOLDER_PATH}/TOCropViewControllerBundle.bundle",
			);
			runOnlyForDeploymentPostprocessing = 0;
			shellPath = /bin/sh;
			shellScript = "\"${PODS_ROOT}/Target Support Files/Pods-CAFAM/Pods-CAFAM-resources.sh\"\n";
			showEnvVarsInLog = 0;
		};
		CE6023C1AB159BC0E703F6B8 /* [CP] Check Pods Manifest.lock */ = {
			isa = PBXShellScriptBuildPhase;
			buildActionMask = 2147483647;
			files = (
			);
			inputFileListPaths = (
			);
			inputPaths = (
				"${PODS_PODFILE_DIR_PATH}/Podfile.lock",
				"${PODS_ROOT}/Manifest.lock",
			);
			name = "[CP] Check Pods Manifest.lock";
			outputFileListPaths = (
			);
			outputPaths = (
				"$(DERIVED_FILE_DIR)/Pods-CAFAM-CAFAMTests-checkManifestLockResult.txt",
			);
			runOnlyForDeploymentPostprocessing = 0;
			shellPath = /bin/sh;
			shellScript = "diff \"${PODS_PODFILE_DIR_PATH}/Podfile.lock\" \"${PODS_ROOT}/Manifest.lock\" > /dev/null\nif [ $? != 0 ] ; then\n    # print error to STDERR\n    echo \"error: The sandbox is not in sync with the Podfile.lock. Run 'pod install' or update your CocoaPods installation.\" >&2\n    exit 1\nfi\n# This output is used by Xcode 'outputs' to avoid re-running this script phase.\necho \"SUCCESS\" > \"${SCRIPT_OUTPUT_FILE_0}\"\n";
			showEnvVarsInLog = 0;
		};
		FD10A7F022414F080027D42C /* Start Packager */ = {
			isa = PBXShellScriptBuildPhase;
			buildActionMask = 2147483647;
			files = (
			);
			inputFileListPaths = (
			);
			inputPaths = (
			);
			name = "Start Packager";
			outputFileListPaths = (
			);
			outputPaths = (
			);
			runOnlyForDeploymentPostprocessing = 0;
			shellPath = /bin/sh;
			shellScript = "export RCT_METRO_PORT=\"${RCT_METRO_PORT:=8081}\"\necho \"export RCT_METRO_PORT=${RCT_METRO_PORT}\" > \"${SRCROOT}/../node_modules/react-native/scripts/.packager.env\"\nif [ -z \"${RCT_NO_LAUNCH_PACKAGER+xxx}\" ] ; then\n  if nc -w 5 -z localhost ${RCT_METRO_PORT} ; then\n    if ! curl -s \"http://localhost:${RCT_METRO_PORT}/status\" | grep -q \"packager-status:running\" ; then\n      echo \"Port ${RCT_METRO_PORT} already in use, packager is either not running or not running correctly\"\n      exit 2\n    fi\n  else\n    open \"$SRCROOT/../node_modules/react-native/scripts/launchPackager.command\" || echo \"Can't start packager automatically\"\n  fi\nfi\n";
			showEnvVarsInLog = 0;
		};
		FD10A7F122414F3F0027D42C /* Start Packager */ = {
			isa = PBXShellScriptBuildPhase;
			buildActionMask = 2147483647;
			files = (
			);
			inputFileListPaths = (
			);
			inputPaths = (
			);
			name = "Start Packager";
			outputFileListPaths = (
			);
			outputPaths = (
			);
			runOnlyForDeploymentPostprocessing = 0;
			shellPath = /bin/sh;
			shellScript = "export RCT_METRO_PORT=\"${RCT_METRO_PORT:=8081}\"\necho \"export RCT_METRO_PORT=${RCT_METRO_PORT}\" > \"${SRCROOT}/../node_modules/react-native/scripts/.packager.env\"\nif [ -z \"${RCT_NO_LAUNCH_PACKAGER+xxx}\" ] ; then\n  if nc -w 5 -z localhost ${RCT_METRO_PORT} ; then\n    if ! curl -s \"http://localhost:${RCT_METRO_PORT}/status\" | grep -q \"packager-status:running\" ; then\n      echo \"Port ${RCT_METRO_PORT} already in use, packager is either not running or not running correctly\"\n      exit 2\n    fi\n  else\n    open \"$SRCROOT/../node_modules/react-native/scripts/launchPackager.command\" || echo \"Can't start packager automatically\"\n  fi\nfi\n";
			showEnvVarsInLog = 0;
		};
/* End PBXShellScriptBuildPhase section */

/* Begin PBXSourcesBuildPhase section */
		00E356EA1AD99517003FC87E /* Sources */ = {
			isa = PBXSourcesBuildPhase;
			buildActionMask = 2147483647;
			files = (
				00E356F31AD99517003FC87E /* CAFAMTests.m in Sources */,
			);
			runOnlyForDeploymentPostprocessing = 0;
		};
		13B07F871A680F5B00A75B9A /* Sources */ = {
			isa = PBXSourcesBuildPhase;
			buildActionMask = 2147483647;
			files = (
				13B07FBC1A68108700A75B9A /* AppDelegate.m in Sources */,
				13B07FC11A68108700A75B9A /* main.m in Sources */,
			);
			runOnlyForDeploymentPostprocessing = 0;
		};
		2D02E4771E0B4A5D006451C7 /* Sources */ = {
			isa = PBXSourcesBuildPhase;
			buildActionMask = 2147483647;
			files = (
				2D02E4BF1E0B4AB3006451C7 /* main.m in Sources */,
				2D02E4BC1E0B4A80006451C7 /* AppDelegate.m in Sources */,
			);
			runOnlyForDeploymentPostprocessing = 0;
		};
		2D02E48C1E0B4A5D006451C7 /* Sources */ = {
			isa = PBXSourcesBuildPhase;
			buildActionMask = 2147483647;
			files = (
				2DCD954D1E0B4F2C00145EB5 /* CAFAMTests.m in Sources */,
			);
			runOnlyForDeploymentPostprocessing = 0;
		};
/* End PBXSourcesBuildPhase section */

/* Begin PBXTargetDependency section */
		00E356F51AD99517003FC87E /* PBXTargetDependency */ = {
			isa = PBXTargetDependency;
			target = 13B07F861A680F5B00A75B9A /* CAFAM */;
			targetProxy = 00E356F41AD99517003FC87E /* PBXContainerItemProxy */;
		};
		2D02E4921E0B4A5D006451C7 /* PBXTargetDependency */ = {
			isa = PBXTargetDependency;
			target = 2D02E47A1E0B4A5D006451C7 /* CAFAM-tvOS */;
			targetProxy = 2D02E4911E0B4A5D006451C7 /* PBXContainerItemProxy */;
		};
/* End PBXTargetDependency section */

/* Begin PBXVariantGroup section */
		13B07FB11A68108700A75B9A /* LaunchScreen.xib */ = {
			isa = PBXVariantGroup;
			children = (
				13B07FB21A68108700A75B9A /* Base */,
			);
			name = LaunchScreen.xib;
			path = CAFAM;
			sourceTree = "<group>";
		};
/* End PBXVariantGroup section */

/* Begin XCBuildConfiguration section */
		00E356F61AD99517003FC87E /* Debug */ = {
			isa = XCBuildConfiguration;
			baseConfigurationReference = 70141AA8C70163A38203958C /* Pods-CAFAM-CAFAMTests.debug.xcconfig */;
			buildSettings = {
				BUNDLE_LOADER = "$(TEST_HOST)";
				GCC_PREPROCESSOR_DEFINITIONS = (
					"DEBUG=1",
					"$(inherited)",
				);
				INFOPLIST_FILE = CAFAMTests/Info.plist;
				IPHONEOS_DEPLOYMENT_TARGET = 9.0;
				LD_RUNPATH_SEARCH_PATHS = "$(inherited) @executable_path/Frameworks @loader_path/Frameworks";
				OTHER_LDFLAGS = (
					"-ObjC",
					"-lc++",
					"$(inherited)",
				);
				PRODUCT_BUNDLE_IDENTIFIER = "org.reactjs.native.example.$(PRODUCT_NAME:rfc1034identifier)";
				PRODUCT_NAME = "$(TARGET_NAME)";
				TEST_HOST = "$(BUILT_PRODUCTS_DIR)/CAFAM.app/CAFAM";
			};
			name = Debug;
		};
		00E356F71AD99517003FC87E /* Release */ = {
			isa = XCBuildConfiguration;
			baseConfigurationReference = BE7DDA77D110D8A090952BB1 /* Pods-CAFAM-CAFAMTests.release.xcconfig */;
			buildSettings = {
				BUNDLE_LOADER = "$(TEST_HOST)";
				COPY_PHASE_STRIP = NO;
				INFOPLIST_FILE = CAFAMTests/Info.plist;
				IPHONEOS_DEPLOYMENT_TARGET = 9.0;
				LD_RUNPATH_SEARCH_PATHS = "$(inherited) @executable_path/Frameworks @loader_path/Frameworks";
				OTHER_LDFLAGS = (
					"-ObjC",
					"-lc++",
					"$(inherited)",
				);
				PRODUCT_BUNDLE_IDENTIFIER = "org.reactjs.native.example.$(PRODUCT_NAME:rfc1034identifier)";
				PRODUCT_NAME = "$(TARGET_NAME)";
				TEST_HOST = "$(BUILT_PRODUCTS_DIR)/CAFAM.app/CAFAM";
			};
			name = Release;
		};
		13B07F941A680F5B00A75B9A /* Debug */ = {
			isa = XCBuildConfiguration;
			baseConfigurationReference = E42E1A172A59463894379C87 /* Pods-CAFAM.debug.xcconfig */;
			buildSettings = {
				ASSETCATALOG_COMPILER_APPICON_NAME = AppIcon;
				CLANG_ENABLE_MODULES = YES;
				CURRENT_PROJECT_VERSION = 1;
				ENABLE_BITCODE = NO;
				GCC_PREPROCESSOR_DEFINITIONS = (
					"$(inherited)",
					"FB_SONARKIT_ENABLED=1",
				);
				INFOPLIST_FILE = CAFAM/Info.plist;
				LD_RUNPATH_SEARCH_PATHS = "$(inherited) @executable_path/Frameworks";
				OTHER_LDFLAGS = (
					"$(inherited)",
					"-ObjC",
					"-lc++",
				);
				PRODUCT_BUNDLE_IDENTIFIER = "org.reactjs.native.example.$(PRODUCT_NAME:rfc1034identifier)";
				PRODUCT_NAME = CAFAM;
				SWIFT_OPTIMIZATION_LEVEL = "-Onone";
				SWIFT_VERSION = 5.0;
				VERSIONING_SYSTEM = "apple-generic";
			};
			name = Debug;
		};
		13B07F951A680F5B00A75B9A /* Release */ = {
			isa = XCBuildConfiguration;
			baseConfigurationReference = 414E383146DB2ED9E0BD3924 /* Pods-CAFAM.release.xcconfig */;
			buildSettings = {
				ASSETCATALOG_COMPILER_APPICON_NAME = AppIcon;
				CLANG_ENABLE_MODULES = YES;
				CURRENT_PROJECT_VERSION = 1;
				INFOPLIST_FILE = CAFAM/Info.plist;
				LD_RUNPATH_SEARCH_PATHS = "$(inherited) @executable_path/Frameworks";
				OTHER_LDFLAGS = (
					"$(inherited)",
					"-ObjC",
					"-lc++",
				);
				PRODUCT_BUNDLE_IDENTIFIER = "org.reactjs.native.example.$(PRODUCT_NAME:rfc1034identifier)";
				PRODUCT_NAME = CAFAM;
				SWIFT_VERSION = 5.0;
				VERSIONING_SYSTEM = "apple-generic";
			};
			name = Release;
		};
		2D02E4971E0B4A5E006451C7 /* Debug */ = {
			isa = XCBuildConfiguration;
			baseConfigurationReference = 947F9DCE44B6ED9EA3A7CC26 /* Pods-CAFAM-tvOS.debug.xcconfig */;
			buildSettings = {
				ASSETCATALOG_COMPILER_APPICON_NAME = "App Icon & Top Shelf Image";
				ASSETCATALOG_COMPILER_LAUNCHIMAGE_NAME = LaunchImage;
				CLANG_ANALYZER_NONNULL = YES;
				CLANG_WARN_DOCUMENTATION_COMMENTS = YES;
				CLANG_WARN_INFINITE_RECURSION = YES;
				CLANG_WARN_SUSPICIOUS_MOVE = YES;
				DEBUG_INFORMATION_FORMAT = dwarf;
				ENABLE_TESTABILITY = YES;
				GCC_NO_COMMON_BLOCKS = YES;
				INFOPLIST_FILE = "CAFAM-tvOS/Info.plist";
				LD_RUNPATH_SEARCH_PATHS = "$(inherited) @executable_path/Frameworks";
				OTHER_LDFLAGS = (
					"$(inherited)",
					"-ObjC",
					"-lc++",
				);
				PRODUCT_BUNDLE_IDENTIFIER = "org.reactjs.native.example.CAFAM-tvOS";
				PRODUCT_NAME = "$(TARGET_NAME)";
				SDKROOT = appletvos;
				TARGETED_DEVICE_FAMILY = 3;
				TVOS_DEPLOYMENT_TARGET = 9.2;
			};
			name = Debug;
		};
		2D02E4981E0B4A5E006451C7 /* Release */ = {
			isa = XCBuildConfiguration;
			baseConfigurationReference = CA7BF8FD860980F90E8CC187 /* Pods-CAFAM-tvOS.release.xcconfig */;
			buildSettings = {
				ASSETCATALOG_COMPILER_APPICON_NAME = "App Icon & Top Shelf Image";
				ASSETCATALOG_COMPILER_LAUNCHIMAGE_NAME = LaunchImage;
				CLANG_ANALYZER_NONNULL = YES;
				CLANG_WARN_DOCUMENTATION_COMMENTS = YES;
				CLANG_WARN_INFINITE_RECURSION = YES;
				CLANG_WARN_SUSPICIOUS_MOVE = YES;
				COPY_PHASE_STRIP = NO;
				DEBUG_INFORMATION_FORMAT = "dwarf-with-dsym";
				GCC_NO_COMMON_BLOCKS = YES;
				INFOPLIST_FILE = "CAFAM-tvOS/Info.plist";
				LD_RUNPATH_SEARCH_PATHS = "$(inherited) @executable_path/Frameworks";
				OTHER_LDFLAGS = (
					"$(inherited)",
					"-ObjC",
					"-lc++",
				);
				PRODUCT_BUNDLE_IDENTIFIER = "org.reactjs.native.example.CAFAM-tvOS";
				PRODUCT_NAME = "$(TARGET_NAME)";
				SDKROOT = appletvos;
				TARGETED_DEVICE_FAMILY = 3;
				TVOS_DEPLOYMENT_TARGET = 9.2;
			};
			name = Release;
		};
		2D02E4991E0B4A5E006451C7 /* Debug */ = {
			isa = XCBuildConfiguration;
			baseConfigurationReference = 50FD95DF3DB2FD403BAEE070 /* Pods-CAFAM-tvOSTests.debug.xcconfig */;
			buildSettings = {
				BUNDLE_LOADER = "$(TEST_HOST)";
				CLANG_ANALYZER_NONNULL = YES;
				CLANG_WARN_DOCUMENTATION_COMMENTS = YES;
				CLANG_WARN_INFINITE_RECURSION = YES;
				CLANG_WARN_SUSPICIOUS_MOVE = YES;
				DEBUG_INFORMATION_FORMAT = dwarf;
				ENABLE_TESTABILITY = YES;
				GCC_NO_COMMON_BLOCKS = YES;
				INFOPLIST_FILE = "CAFAM-tvOSTests/Info.plist";
				LD_RUNPATH_SEARCH_PATHS = "$(inherited) @executable_path/Frameworks @loader_path/Frameworks";
				OTHER_LDFLAGS = (
					"$(inherited)",
					"-ObjC",
					"-lc++",
				);
				PRODUCT_BUNDLE_IDENTIFIER = "org.reactjs.native.example.CAFAM-tvOSTests";
				PRODUCT_NAME = "$(TARGET_NAME)";
				SDKROOT = appletvos;
				TEST_HOST = "$(BUILT_PRODUCTS_DIR)/CAFAM-tvOS.app/CAFAM-tvOS";
				TVOS_DEPLOYMENT_TARGET = 10.1;
			};
			name = Debug;
		};
		2D02E49A1E0B4A5E006451C7 /* Release */ = {
			isa = XCBuildConfiguration;
			baseConfigurationReference = 76D89D3A4C0D301DD2A94382 /* Pods-CAFAM-tvOSTests.release.xcconfig */;
			buildSettings = {
				BUNDLE_LOADER = "$(TEST_HOST)";
				CLANG_ANALYZER_NONNULL = YES;
				CLANG_WARN_DOCUMENTATION_COMMENTS = YES;
				CLANG_WARN_INFINITE_RECURSION = YES;
				CLANG_WARN_SUSPICIOUS_MOVE = YES;
				COPY_PHASE_STRIP = NO;
				DEBUG_INFORMATION_FORMAT = "dwarf-with-dsym";
				GCC_NO_COMMON_BLOCKS = YES;
				INFOPLIST_FILE = "CAFAM-tvOSTests/Info.plist";
				LD_RUNPATH_SEARCH_PATHS = "$(inherited) @executable_path/Frameworks @loader_path/Frameworks";
				OTHER_LDFLAGS = (
					"$(inherited)",
					"-ObjC",
					"-lc++",
				);
				PRODUCT_BUNDLE_IDENTIFIER = "org.reactjs.native.example.CAFAM-tvOSTests";
				PRODUCT_NAME = "$(TARGET_NAME)";
				SDKROOT = appletvos;
				TEST_HOST = "$(BUILT_PRODUCTS_DIR)/CAFAM-tvOS.app/CAFAM-tvOS";
				TVOS_DEPLOYMENT_TARGET = 10.1;
			};
			name = Release;
		};
		83CBBA201A601CBA00E9B192 /* Debug */ = {
			isa = XCBuildConfiguration;
			buildSettings = {
				ALWAYS_SEARCH_USER_PATHS = NO;
				CLANG_ANALYZER_LOCALIZABILITY_NONLOCALIZED = YES;
				CLANG_CXX_LANGUAGE_STANDARD = "gnu++0x";
				CLANG_CXX_LIBRARY = "libc++";
				CLANG_ENABLE_MODULES = YES;
				CLANG_ENABLE_OBJC_ARC = YES;
				CLANG_WARN_BLOCK_CAPTURE_AUTORELEASING = YES;
				CLANG_WARN_BOOL_CONVERSION = YES;
				CLANG_WARN_COMMA = YES;
				CLANG_WARN_CONSTANT_CONVERSION = YES;
				CLANG_WARN_DEPRECATED_OBJC_IMPLEMENTATIONS = YES;
				CLANG_WARN_DIRECT_OBJC_ISA_USAGE = YES_ERROR;
				CLANG_WARN_EMPTY_BODY = YES;
				CLANG_WARN_ENUM_CONVERSION = YES;
				CLANG_WARN_INFINITE_RECURSION = YES;
				CLANG_WARN_INT_CONVERSION = YES;
				CLANG_WARN_NON_LITERAL_NULL_CONVERSION = YES;
				CLANG_WARN_OBJC_IMPLICIT_RETAIN_SELF = YES;
				CLANG_WARN_OBJC_LITERAL_CONVERSION = YES;
				CLANG_WARN_OBJC_ROOT_CLASS = YES_ERROR;
				CLANG_WARN_RANGE_LOOP_ANALYSIS = YES;
				CLANG_WARN_STRICT_PROTOTYPES = YES;
				CLANG_WARN_SUSPICIOUS_MOVE = YES;
				CLANG_WARN_UNREACHABLE_CODE = YES;
				CLANG_WARN__DUPLICATE_METHOD_MATCH = YES;
				"CODE_SIGN_IDENTITY[sdk=iphoneos*]" = "iPhone Developer";
				COPY_PHASE_STRIP = NO;
				ENABLE_STRICT_OBJC_MSGSEND = YES;
				ENABLE_TESTABILITY = YES;
				GCC_C_LANGUAGE_STANDARD = gnu99;
				GCC_DYNAMIC_NO_PIC = NO;
				GCC_NO_COMMON_BLOCKS = YES;
				GCC_OPTIMIZATION_LEVEL = 0;
				GCC_PREPROCESSOR_DEFINITIONS = (
					"DEBUG=1",
					"$(inherited)",
				);
				GCC_SYMBOLS_PRIVATE_EXTERN = NO;
				GCC_WARN_64_TO_32_BIT_CONVERSION = YES;
				GCC_WARN_ABOUT_RETURN_TYPE = YES_ERROR;
				GCC_WARN_UNDECLARED_SELECTOR = YES;
				GCC_WARN_UNINITIALIZED_AUTOS = YES_AGGRESSIVE;
				GCC_WARN_UNUSED_FUNCTION = YES;
				GCC_WARN_UNUSED_VARIABLE = YES;
				IPHONEOS_DEPLOYMENT_TARGET = 9.0;
				LD_RUNPATH_SEARCH_PATHS = "/usr/lib/swift $(inherited)";
				LIBRARY_SEARCH_PATHS = (
					"\"$(TOOLCHAIN_DIR)/usr/lib/swift/$(PLATFORM_NAME)\"",
					"\"$(TOOLCHAIN_DIR)/usr/lib/swift-5.0/$(PLATFORM_NAME)\"",
					"\"$(inherited)\"",
				);
				MTL_ENABLE_DEBUG_INFO = YES;
				ONLY_ACTIVE_ARCH = YES;
				SDKROOT = iphoneos;
			};
			name = Debug;
		};
		83CBBA211A601CBA00E9B192 /* Release */ = {
			isa = XCBuildConfiguration;
			buildSettings = {
				ALWAYS_SEARCH_USER_PATHS = NO;
				CLANG_ANALYZER_LOCALIZABILITY_NONLOCALIZED = YES;
				CLANG_CXX_LANGUAGE_STANDARD = "gnu++0x";
				CLANG_CXX_LIBRARY = "libc++";
				CLANG_ENABLE_MODULES = YES;
				CLANG_ENABLE_OBJC_ARC = YES;
				CLANG_WARN_BLOCK_CAPTURE_AUTORELEASING = YES;
				CLANG_WARN_BOOL_CONVERSION = YES;
				CLANG_WARN_COMMA = YES;
				CLANG_WARN_CONSTANT_CONVERSION = YES;
				CLANG_WARN_DEPRECATED_OBJC_IMPLEMENTATIONS = YES;
				CLANG_WARN_DIRECT_OBJC_ISA_USAGE = YES_ERROR;
				CLANG_WARN_EMPTY_BODY = YES;
				CLANG_WARN_ENUM_CONVERSION = YES;
				CLANG_WARN_INFINITE_RECURSION = YES;
				CLANG_WARN_INT_CONVERSION = YES;
				CLANG_WARN_NON_LITERAL_NULL_CONVERSION = YES;
				CLANG_WARN_OBJC_IMPLICIT_RETAIN_SELF = YES;
				CLANG_WARN_OBJC_LITERAL_CONVERSION = YES;
				CLANG_WARN_OBJC_ROOT_CLASS = YES_ERROR;
				CLANG_WARN_RANGE_LOOP_ANALYSIS = YES;
				CLANG_WARN_STRICT_PROTOTYPES = YES;
				CLANG_WARN_SUSPICIOUS_MOVE = YES;
				CLANG_WARN_UNREACHABLE_CODE = YES;
				CLANG_WARN__DUPLICATE_METHOD_MATCH = YES;
				"CODE_SIGN_IDENTITY[sdk=iphoneos*]" = "iPhone Developer";
				COPY_PHASE_STRIP = YES;
				ENABLE_NS_ASSERTIONS = NO;
				ENABLE_STRICT_OBJC_MSGSEND = YES;
				GCC_C_LANGUAGE_STANDARD = gnu99;
				GCC_NO_COMMON_BLOCKS = YES;
				GCC_WARN_64_TO_32_BIT_CONVERSION = YES;
				GCC_WARN_ABOUT_RETURN_TYPE = YES_ERROR;
				GCC_WARN_UNDECLARED_SELECTOR = YES;
				GCC_WARN_UNINITIALIZED_AUTOS = YES_AGGRESSIVE;
				GCC_WARN_UNUSED_FUNCTION = YES;
				GCC_WARN_UNUSED_VARIABLE = YES;
				IPHONEOS_DEPLOYMENT_TARGET = 9.0;
				LD_RUNPATH_SEARCH_PATHS = "/usr/lib/swift $(inherited)";
				LIBRARY_SEARCH_PATHS = (
					"\"$(TOOLCHAIN_DIR)/usr/lib/swift/$(PLATFORM_NAME)\"",
					"\"$(TOOLCHAIN_DIR)/usr/lib/swift-5.0/$(PLATFORM_NAME)\"",
					"\"$(inherited)\"",
				);
				MTL_ENABLE_DEBUG_INFO = NO;
				SDKROOT = iphoneos;
				VALIDATE_PRODUCT = YES;
			};
			name = Release;
		};
/* End XCBuildConfiguration section */

/* Begin XCConfigurationList section */
		00E357021AD99517003FC87E /* Build configuration list for PBXNativeTarget "CAFAMTests" */ = {
			isa = XCConfigurationList;
			buildConfigurations = (
				00E356F61AD99517003FC87E /* Debug */,
				00E356F71AD99517003FC87E /* Release */,
			);
			defaultConfigurationIsVisible = 0;
			defaultConfigurationName = Release;
		};
		13B07F931A680F5B00A75B9A /* Build configuration list for PBXNativeTarget "CAFAM" */ = {
			isa = XCConfigurationList;
			buildConfigurations = (
				13B07F941A680F5B00A75B9A /* Debug */,
				13B07F951A680F5B00A75B9A /* Release */,
			);
			defaultConfigurationIsVisible = 0;
			defaultConfigurationName = Release;
		};
		2D02E4BA1E0B4A5E006451C7 /* Build configuration list for PBXNativeTarget "CAFAM-tvOS" */ = {
			isa = XCConfigurationList;
			buildConfigurations = (
				2D02E4971E0B4A5E006451C7 /* Debug */,
				2D02E4981E0B4A5E006451C7 /* Release */,
			);
			defaultConfigurationIsVisible = 0;
			defaultConfigurationName = Release;
		};
		2D02E4BB1E0B4A5E006451C7 /* Build configuration list for PBXNativeTarget "CAFAM-tvOSTests" */ = {
			isa = XCConfigurationList;
			buildConfigurations = (
				2D02E4991E0B4A5E006451C7 /* Debug */,
				2D02E49A1E0B4A5E006451C7 /* Release */,
			);
			defaultConfigurationIsVisible = 0;
			defaultConfigurationName = Release;
		};
		83CBB9FA1A601CBA00E9B192 /* Build configuration list for PBXProject "CAFAM" */ = {
			isa = XCConfigurationList;
			buildConfigurations = (
				83CBBA201A601CBA00E9B192 /* Debug */,
				83CBBA211A601CBA00E9B192 /* Release */,
			);
			defaultConfigurationIsVisible = 0;
			defaultConfigurationName = Release;
		};
/* End XCConfigurationList section */
	};
	rootObject = 83CBB9F71A601CBA00E9B192 /* Project object */;
}
